// !$*UTF8*$!
{
	archiveVersion = 1;
	classes = {
	};
	objectVersion = 55;
	objects = {

/* Begin PBXBuildFile section */
		210F2FCA28DC31AD00F2231F /* HTTPClient.swift in Sources */ = {isa = PBXBuildFile; fileRef = 210F2FC928DC31AD00F2231F /* HTTPClient.swift */; };
		210F2FCC28DC31F200F2231F /* FeedItemsMapper.swift in Sources */ = {isa = PBXBuildFile; fileRef = 210F2FCB28DC31F200F2231F /* FeedItemsMapper.swift */; };
		210F2FCF28E1517F00F2231F /* URLSessionHTTPClientTests.swift in Sources */ = {isa = PBXBuildFile; fileRef = 210F2FCE28E1517F00F2231F /* URLSessionHTTPClientTests.swift */; };
		210F2FD228E2DD6900F2231F /* XCTestCase+MemoryLeakTracking.swift in Sources */ = {isa = PBXBuildFile; fileRef = 210F2FD128E2DD6900F2231F /* XCTestCase+MemoryLeakTracking.swift */; };
		210F2FD428E5703800F2231F /* URLSessionHTTPClient.swift in Sources */ = {isa = PBXBuildFile; fileRef = 210F2FD328E5703800F2231F /* URLSessionHTTPClient.swift */; };
		210F2FDC28E58CE500F2231F /* Essentail_practiceEndToEndTests.swift in Sources */ = {isa = PBXBuildFile; fileRef = 210F2FDB28E58CE500F2231F /* Essentail_practiceEndToEndTests.swift */; };
		210F2FDD28E58CE500F2231F /* Essentail_practice.framework in Frameworks */ = {isa = PBXBuildFile; fileRef = 21F3964F28C89387005B08CD /* Essentail_practice.framework */; };
		210F2FE328E5D2E200F2231F /* XCTestCase+MemoryLeakTracking.swift in Sources */ = {isa = PBXBuildFile; fileRef = 210F2FD128E2DD6900F2231F /* XCTestCase+MemoryLeakTracking.swift */; };
		210F2FEA28FFA60C00F2231F /* CacheFeedUseCaseTest.swift in Sources */ = {isa = PBXBuildFile; fileRef = 210F2FE928FFA60C00F2231F /* CacheFeedUseCaseTest.swift */; };
		2110D61029E948FA00C8C625 /* ErrorView.swift in Sources */ = {isa = PBXBuildFile; fileRef = 2110D60F29E948FA00C8C625 /* ErrorView.swift */; };
		2110D61329E9952C00C8C625 /* UIRefreshControl+Helpers.swift in Sources */ = {isa = PBXBuildFile; fileRef = 2110D61229E9952C00C8C625 /* UIRefreshControl+Helpers.swift */; };
		2110D61629ED2C2E00C8C625 /* FeedPresenterTest.swift in Sources */ = {isa = PBXBuildFile; fileRef = 2110D61529ED2C2E00C8C625 /* FeedPresenterTest.swift */; };
		2110D62029ED3DD600C8C625 /* FeedPresenter.swift in Sources */ = {isa = PBXBuildFile; fileRef = 2110D61F29ED3DD600C8C625 /* FeedPresenter.swift */; };
		2110D62129ED404800C8C625 /* Feed.strings in Resources */ = {isa = PBXBuildFile; fileRef = 2110D61B29ED3CD900C8C625 /* Feed.strings */; };
		2110D62329ED40B700C8C625 /* FeedViewModelData.swift in Sources */ = {isa = PBXBuildFile; fileRef = 2110D62229ED40B700C8C625 /* FeedViewModelData.swift */; };
		2110D62529ED40DA00C8C625 /* FeedLoadingViewModelData.swift in Sources */ = {isa = PBXBuildFile; fileRef = 2110D62429ED40DA00C8C625 /* FeedLoadingViewModelData.swift */; };
		2110D62729ED40FD00C8C625 /* FeedErrorViewModelData.swift in Sources */ = {isa = PBXBuildFile; fileRef = 2110D62629ED40FD00C8C625 /* FeedErrorViewModelData.swift */; };
		2110D62A29EE699D00C8C625 /* FeedLocalizationTests.swift in Sources */ = {isa = PBXBuildFile; fileRef = 21D0A98C29E145C700EA20C1 /* FeedLocalizationTests.swift */; };
		2110D62C29EE6A3200C8C625 /* FeedImagePresenter.swift in Sources */ = {isa = PBXBuildFile; fileRef = 2110D62B29EE6A3200C8C625 /* FeedImagePresenter.swift */; };
		2110D62E29EE6A4E00C8C625 /* FeedImagePresenterTest.swift in Sources */ = {isa = PBXBuildFile; fileRef = 2110D62D29EE6A4E00C8C625 /* FeedImagePresenterTest.swift */; };
		2110D63029EE82A900C8C625 /* FeedImageViewModelData.swift in Sources */ = {isa = PBXBuildFile; fileRef = 2110D62F29EE82A900C8C625 /* FeedImageViewModelData.swift */; };
		2110D63129F22D6100C8C625 /* FeedImageDataLoader.swift in Sources */ = {isa = PBXBuildFile; fileRef = 217CF6432990DD9600A4AF79 /* FeedImageDataLoader.swift */; };
		2110D63329F22E1B00C8C625 /* LoadFeedImageDataFromRemoteUseCaseTests.swift in Sources */ = {isa = PBXBuildFile; fileRef = 2110D63229F22E1B00C8C625 /* LoadFeedImageDataFromRemoteUseCaseTests.swift */; };
		2110D63529F66DF000C8C625 /* RemoteFeedImageDataLoader.swift in Sources */ = {isa = PBXBuildFile; fileRef = 2110D63429F66DF000C8C625 /* RemoteFeedImageDataLoader.swift */; };
		2110D63829F6C46200C8C625 /* HTTPURLResponse+StatusCode.swift in Sources */ = {isa = PBXBuildFile; fileRef = 2110D63729F6C46200C8C625 /* HTTPURLResponse+StatusCode.swift */; };
		2110D63B29F6C57100C8C625 /* URLProtocolStub.swift in Sources */ = {isa = PBXBuildFile; fileRef = 2110D63A29F6C57100C8C625 /* URLProtocolStub.swift */; };
		2110D63D29F772D900C8C625 /* LoadFeedImageDataFromCacheUseCaseTests.swift in Sources */ = {isa = PBXBuildFile; fileRef = 2110D63C29F772D900C8C625 /* LoadFeedImageDataFromCacheUseCaseTests.swift */; };
		2110D63F29F799A700C8C625 /* FeedImageDataStore.swift in Sources */ = {isa = PBXBuildFile; fileRef = 2110D63E29F799A700C8C625 /* FeedImageDataStore.swift */; };
		2110D64129F799DA00C8C625 /* LocalFeedImageDataLoader.swift in Sources */ = {isa = PBXBuildFile; fileRef = 2110D64029F799DA00C8C625 /* LocalFeedImageDataLoader.swift */; };
		2110D64329F7B64700C8C625 /* FeedImageDataStoreSpy.swift in Sources */ = {isa = PBXBuildFile; fileRef = 2110D64229F7B64700C8C625 /* FeedImageDataStoreSpy.swift */; };
		2110D64529F7B6CA00C8C625 /* CacheFeedImageDataUseCaseTests.swift in Sources */ = {isa = PBXBuildFile; fileRef = 2110D64429F7B6CA00C8C625 /* CacheFeedImageDataUseCaseTests.swift */; };
		2110D64729F7C43200C8C625 /* CoreDataFeedImageDataStoreTests.swift in Sources */ = {isa = PBXBuildFile; fileRef = 2110D64629F7C43200C8C625 /* CoreDataFeedImageDataStoreTests.swift */; };
		2110D64A29F7CA6900C8C625 /* CoreDataFeedStore+FeedImageDataLoader.swift in Sources */ = {isa = PBXBuildFile; fileRef = 2110D64929F7CA6900C8C625 /* CoreDataFeedStore+FeedImageDataLoader.swift */; };
		2165A44C29C196A6009EB77C /* Feed.storyboard in Resources */ = {isa = PBXBuildFile; fileRef = 2165A44B29C196A6009EB77C /* Feed.storyboard */; };
		2165A44E29C196F9009EB77C /* Feed.xcassets in Resources */ = {isa = PBXBuildFile; fileRef = 2165A44D29C196F9009EB77C /* Feed.xcassets */; };
		2165A45029C4078E009EB77C /* UITableView+dequeueing.swift in Sources */ = {isa = PBXBuildFile; fileRef = 2165A44F29C4078E009EB77C /* UITableView+dequeueing.swift */; };
		2165A45229C40999009EB77C /* UIImageView+animation.swift in Sources */ = {isa = PBXBuildFile; fileRef = 2165A45129C40999009EB77C /* UIImageView+animation.swift */; };
		217047B5299D118000CDD636 /* FeedViewModel.swift in Sources */ = {isa = PBXBuildFile; fileRef = 217047B4299D118000CDD636 /* FeedViewModel.swift */; };
		217047B7299D175B00CDD636 /* FeedImageViewModel.swift in Sources */ = {isa = PBXBuildFile; fileRef = 217047B6299D175B00CDD636 /* FeedImageViewModel.swift */; };
		21786DDF29E3EE2F002E9CF1 /* MainQueueDispatchDecorator.swift in Sources */ = {isa = PBXBuildFile; fileRef = 21786DDE29E3EE2F002E9CF1 /* MainQueueDispatchDecorator.swift */; };
		21786DE129E3EE83002E9CF1 /* WeakRefVirtualProxy.swift in Sources */ = {isa = PBXBuildFile; fileRef = 21786DE029E3EE83002E9CF1 /* WeakRefVirtualProxy.swift */; };
		21786DE329E3EEF5002E9CF1 /* FeedImageDataLoaderPresentationAdapter.swift in Sources */ = {isa = PBXBuildFile; fileRef = 21786DE229E3EEF5002E9CF1 /* FeedImageDataLoaderPresentationAdapter.swift */; };
		21786DE529E3EF29002E9CF1 /* FeedLoaderPresentationAdapter.swift in Sources */ = {isa = PBXBuildFile; fileRef = 21786DE429E3EF29002E9CF1 /* FeedLoaderPresentationAdapter.swift */; };
		21786DE729E3EF57002E9CF1 /* FeedViewAdapter.swift in Sources */ = {isa = PBXBuildFile; fileRef = 21786DE629E3EF57002E9CF1 /* FeedViewAdapter.swift */; };
		217CF6232976995A00A4AF79 /* FeedImageCell.swift in Sources */ = {isa = PBXBuildFile; fileRef = 217CF6222976995A00A4AF79 /* FeedImageCell.swift */; };
		217CF6252977BC8400A4AF79 /* UIView+Shimmering.swift in Sources */ = {isa = PBXBuildFile; fileRef = 217CF6242977BC8400A4AF79 /* UIView+Shimmering.swift */; };
		217CF62B2990CC7600A4AF79 /* UIImage+TestHelpers.swift in Sources */ = {isa = PBXBuildFile; fileRef = 217CF62A2990CC7600A4AF79 /* UIImage+TestHelpers.swift */; };
		217CF62D2990CCD800A4AF79 /* UIRefreshControl+TestHelpers.swift in Sources */ = {isa = PBXBuildFile; fileRef = 217CF62C2990CCD800A4AF79 /* UIRefreshControl+TestHelpers.swift */; };
		217CF6302990CD2300A4AF79 /* UIButton+TestHelpers.swift in Sources */ = {isa = PBXBuildFile; fileRef = 217CF62F2990CD2300A4AF79 /* UIButton+TestHelpers.swift */; };
		217CF6352990D9FB00A4AF79 /* FeedViewController+TestHelpers.swift in Sources */ = {isa = PBXBuildFile; fileRef = 217CF6342990D9FB00A4AF79 /* FeedViewController+TestHelpers.swift */; };
		217CF6372990DA8700A4AF79 /* FeedImageCell+TestHelpers.swift in Sources */ = {isa = PBXBuildFile; fileRef = 217CF6362990DA8700A4AF79 /* FeedImageCell+TestHelpers.swift */; };
		217CF63A2990DB4600A4AF79 /* FeedUIIntegrationTests+LoaderSpy.swift in Sources */ = {isa = PBXBuildFile; fileRef = 217CF6392990DB4600A4AF79 /* FeedUIIntegrationTests+LoaderSpy.swift */; };
		217CF63C2990DBE000A4AF79 /* FeedUIIntegrationTests+Assertions.swift in Sources */ = {isa = PBXBuildFile; fileRef = 217CF63B2990DBE000A4AF79 /* FeedUIIntegrationTests+Assertions.swift */; };
		217CF6482990EA0500A4AF79 /* FeedImageCellController.swift in Sources */ = {isa = PBXBuildFile; fileRef = 217CF6472990EA0500A4AF79 /* FeedImageCellController.swift */; };
		217CF64B2990ED1700A4AF79 /* FeedUIComposer.swift in Sources */ = {isa = PBXBuildFile; fileRef = 217CF64A2990ED1700A4AF79 /* FeedUIComposer.swift */; };
		21D0A98629E1420700EA20C1 /* FeedUIIntegrationTests+Localization.swift in Sources */ = {isa = PBXBuildFile; fileRef = 21D0A98529E1420700EA20C1 /* FeedUIIntegrationTests+Localization.swift */; };
		21D0A98829E1446400EA20C1 /* UIControl+TestHelpers.swift in Sources */ = {isa = PBXBuildFile; fileRef = 21D0A98729E1446400EA20C1 /* UIControl+TestHelpers.swift */; };
		21DF304D29068932009AF601 /* LocalFeedLoader.swift in Sources */ = {isa = PBXBuildFile; fileRef = 21DF304C29068932009AF601 /* LocalFeedLoader.swift */; };
		21DF304F29068961009AF601 /* FeedStore.swift in Sources */ = {isa = PBXBuildFile; fileRef = 21DF304E29068961009AF601 /* FeedStore.swift */; };
		21DF30512908E025009AF601 /* RemoteFeedItem.swift in Sources */ = {isa = PBXBuildFile; fileRef = 21DF30502908E025009AF601 /* RemoteFeedItem.swift */; };
		21DF30532908E06E009AF601 /* LocalFeedImage.swift in Sources */ = {isa = PBXBuildFile; fileRef = 21DF30522908E06E009AF601 /* LocalFeedImage.swift */; };
		21DF305529092628009AF601 /* LoadFeedFromCacheUseCaseTest.swift in Sources */ = {isa = PBXBuildFile; fileRef = 21DF305429092628009AF601 /* LoadFeedFromCacheUseCaseTest.swift */; };
		21DF3057290926FA009AF601 /* FeedStoreSpy.swift in Sources */ = {isa = PBXBuildFile; fileRef = 21DF3056290926FA009AF601 /* FeedStoreSpy.swift */; };
		21DF310C2923818F009AF601 /* ValidateCacheUseCaseTests.swift in Sources */ = {isa = PBXBuildFile; fileRef = 21DF310B2923818F009AF601 /* ValidateCacheUseCaseTests.swift */; };
		21DF310E2924CACC009AF601 /* FeedCacheTestHelpers.swift in Sources */ = {isa = PBXBuildFile; fileRef = 21DF310D2924CACC009AF601 /* FeedCacheTestHelpers.swift */; };
		21DF31102924CB0B009AF601 /* SharedTestHelpers.swift in Sources */ = {isa = PBXBuildFile; fileRef = 21DF310F2924CB0B009AF601 /* SharedTestHelpers.swift */; };
		21DF311329272854009AF601 /* FeedCachePolicy.swift in Sources */ = {isa = PBXBuildFile; fileRef = 21DF311229272854009AF601 /* FeedCachePolicy.swift */; };
		21DF3115292CAA18009AF601 /* CodableFeedStoreTests.swift in Sources */ = {isa = PBXBuildFile; fileRef = 21DF3114292CAA18009AF601 /* CodableFeedStoreTests.swift */; };
		21DF311729308D2E009AF601 /* CodableFeedStore.swift in Sources */ = {isa = PBXBuildFile; fileRef = 21DF311629308D2E009AF601 /* CodableFeedStore.swift */; };
		21DF31192939D3D9009AF601 /* FeedStoreSpecs.swift in Sources */ = {isa = PBXBuildFile; fileRef = 21DF31182939D3D9009AF601 /* FeedStoreSpecs.swift */; };
		21DF311B2939D47C009AF601 /* XCTestCase+FeedStoreSpecs.swift in Sources */ = {isa = PBXBuildFile; fileRef = 21DF311A2939D47C009AF601 /* XCTestCase+FeedStoreSpecs.swift */; };
		21DF311D2939F518009AF601 /* XCTestCase+FailableRetrieveFeedStoreSpecs.swift in Sources */ = {isa = PBXBuildFile; fileRef = 21DF311C2939F518009AF601 /* XCTestCase+FailableRetrieveFeedStoreSpecs.swift */; };
		21DF311F293C5FEA009AF601 /* XCTestCase+FailableInsertFeedStoreSpecs.swift in Sources */ = {isa = PBXBuildFile; fileRef = 21DF311E293C5FEA009AF601 /* XCTestCase+FailableInsertFeedStoreSpecs.swift */; };
		21DF3121293C60C9009AF601 /* XCTestCase+FailableDeleteFeedStoreSpecs.swift in Sources */ = {isa = PBXBuildFile; fileRef = 21DF3120293C60C9009AF601 /* XCTestCase+FailableDeleteFeedStoreSpecs.swift */; };
		21DF3147293F2D56009AF601 /* CoreDataFeedStoreTests.swift in Sources */ = {isa = PBXBuildFile; fileRef = 21DF3146293F2D56009AF601 /* CoreDataFeedStoreTests.swift */; };
		21DF3149293F2E5F009AF601 /* CoreDataFeedStore.swift in Sources */ = {isa = PBXBuildFile; fileRef = 21DF3148293F2E5F009AF601 /* CoreDataFeedStore.swift */; };
		21DF314C293F3087009AF601 /* FeedStore.xcdatamodeld in Sources */ = {isa = PBXBuildFile; fileRef = 21DF314A293F3087009AF601 /* FeedStore.xcdatamodeld */; };
		21DF315C2940803C009AF601 /* CoreDataHelpers.swift in Sources */ = {isa = PBXBuildFile; fileRef = 21DF315B2940803C009AF601 /* CoreDataHelpers.swift */; };
		21DF315E2940808D009AF601 /* ManagedCache.swift in Sources */ = {isa = PBXBuildFile; fileRef = 21DF315D2940808D009AF601 /* ManagedCache.swift */; };
		21DF3160294080A9009AF601 /* ManagedFeedImage.swift in Sources */ = {isa = PBXBuildFile; fileRef = 21DF315F294080A9009AF601 /* ManagedFeedImage.swift */; };
		21DF3168294D8E3B009AF601 /* EssentialPracticeCacheIntegrationTests.swift in Sources */ = {isa = PBXBuildFile; fileRef = 21DF3167294D8E3B009AF601 /* EssentialPracticeCacheIntegrationTests.swift */; };
		21DF3169294D8E3B009AF601 /* Essentail_practice.framework in Frameworks */ = {isa = PBXBuildFile; fileRef = 21F3964F28C89387005B08CD /* Essentail_practice.framework */; };
		21DF316F294D90A2009AF601 /* XCTestCase+MemoryLeakTracking.swift in Sources */ = {isa = PBXBuildFile; fileRef = 210F2FD128E2DD6900F2231F /* XCTestCase+MemoryLeakTracking.swift */; };
		21DF3170294D9364009AF601 /* FeedCacheTestHelpers.swift in Sources */ = {isa = PBXBuildFile; fileRef = 21DF310D2924CACC009AF601 /* FeedCacheTestHelpers.swift */; };
		21DF3171294D9452009AF601 /* SharedTestHelpers.swift in Sources */ = {isa = PBXBuildFile; fileRef = 21DF310F2924CB0B009AF601 /* SharedTestHelpers.swift */; };
		21F3965828C89387005B08CD /* Essentail_practice.framework in Frameworks */ = {isa = PBXBuildFile; fileRef = 21F3964F28C89387005B08CD /* Essentail_practice.framework */; };
		21F3965D28C89387005B08CD /* LoadFeedFromRemoteUseCases.swift in Sources */ = {isa = PBXBuildFile; fileRef = 21F3965C28C89387005B08CD /* LoadFeedFromRemoteUseCases.swift */; };
		21F3965E28C89387005B08CD /* Essentail_practice.h in Headers */ = {isa = PBXBuildFile; fileRef = 21F3965228C89387005B08CD /* Essentail_practice.h */; settings = {ATTRIBUTES = (Public, ); }; };
		21F3966928D306CA005B08CD /* FeedImage.swift in Sources */ = {isa = PBXBuildFile; fileRef = 21F3966828D306CA005B08CD /* FeedImage.swift */; };
		21F3966B28D30725005B08CD /* FeedLoader.swift in Sources */ = {isa = PBXBuildFile; fileRef = 21F3966A28D30725005B08CD /* FeedLoader.swift */; };
		21F3966E28D45454005B08CD /* RemoteFeedLoader.swift in Sources */ = {isa = PBXBuildFile; fileRef = 21F3966D28D45454005B08CD /* RemoteFeedLoader.swift */; };
		21F6FBCE2975327300EF9698 /* EssentialPracticeiOS.framework in Frameworks */ = {isa = PBXBuildFile; fileRef = 21F6FBC62975327300EF9698 /* EssentialPracticeiOS.framework */; };
		21F6FBD32975327300EF9698 /* FeedUIIntegrationTests.swift in Sources */ = {isa = PBXBuildFile; fileRef = 21F6FBD22975327300EF9698 /* FeedUIIntegrationTests.swift */; };
		21F6FBD42975327300EF9698 /* EssentialPracticeiOS.h in Headers */ = {isa = PBXBuildFile; fileRef = 21F6FBC82975327300EF9698 /* EssentialPracticeiOS.h */; settings = {ATTRIBUTES = (Public, ); }; };
		21F6FBDC2975386D00EF9698 /* Essentail_practice.framework in Frameworks */ = {isa = PBXBuildFile; fileRef = 21F3964F28C89387005B08CD /* Essentail_practice.framework */; platformFilter = ios; };
		21F6FBDD2975386D00EF9698 /* Essentail_practice.framework in Embed Frameworks */ = {isa = PBXBuildFile; fileRef = 21F3964F28C89387005B08CD /* Essentail_practice.framework */; platformFilter = ios; settings = {ATTRIBUTES = (CodeSignOnCopy, RemoveHeadersOnCopy, ); }; };
		21F6FBE2297539A600EF9698 /* XCTestCase+MemoryLeakTracking.swift in Sources */ = {isa = PBXBuildFile; fileRef = 210F2FD128E2DD6900F2231F /* XCTestCase+MemoryLeakTracking.swift */; };
		21F6FBE429758EDB00EF9698 /* FeedViewController.swift in Sources */ = {isa = PBXBuildFile; fileRef = 21F6FBE329758EDB00EF9698 /* FeedViewController.swift */; };
		21FDF58429FA2B18003EFCFB /* CoreDataFeedStore+FeedStore.swift in Sources */ = {isa = PBXBuildFile; fileRef = 21FDF58329FA2B18003EFCFB /* CoreDataFeedStore+FeedStore.swift */; };
/* End PBXBuildFile section */

/* Begin PBXContainerItemProxy section */
		210F2FDE28E58CE500F2231F /* PBXContainerItemProxy */ = {
			isa = PBXContainerItemProxy;
			containerPortal = 21F3964628C89387005B08CD /* Project object */;
			proxyType = 1;
			remoteGlobalIDString = 21F3964E28C89387005B08CD;
			remoteInfo = "Essentail-practice";
		};
		21DF316A294D8E3B009AF601 /* PBXContainerItemProxy */ = {
			isa = PBXContainerItemProxy;
			containerPortal = 21F3964628C89387005B08CD /* Project object */;
			proxyType = 1;
			remoteGlobalIDString = 21F3964E28C89387005B08CD;
			remoteInfo = "Essentail-practice";
		};
		21F3965928C89387005B08CD /* PBXContainerItemProxy */ = {
			isa = PBXContainerItemProxy;
			containerPortal = 21F3964628C89387005B08CD /* Project object */;
			proxyType = 1;
			remoteGlobalIDString = 21F3964E28C89387005B08CD;
			remoteInfo = "Essentail-practice";
		};
		21F6FBCF2975327300EF9698 /* PBXContainerItemProxy */ = {
			isa = PBXContainerItemProxy;
			containerPortal = 21F3964628C89387005B08CD /* Project object */;
			proxyType = 1;
			remoteGlobalIDString = 21F6FBC52975327300EF9698;
			remoteInfo = EssentialPracticeiOS;
		};
		21F6FBDE2975386D00EF9698 /* PBXContainerItemProxy */ = {
			isa = PBXContainerItemProxy;
			containerPortal = 21F3964628C89387005B08CD /* Project object */;
			proxyType = 1;
			remoteGlobalIDString = 21F3964E28C89387005B08CD;
			remoteInfo = "Essentail-practice";
		};
/* End PBXContainerItemProxy section */

/* Begin PBXCopyFilesBuildPhase section */
		21F6FBE02975386E00EF9698 /* Embed Frameworks */ = {
			isa = PBXCopyFilesBuildPhase;
			buildActionMask = 2147483647;
			dstPath = "";
			dstSubfolderSpec = 10;
			files = (
				21F6FBDD2975386D00EF9698 /* Essentail_practice.framework in Embed Frameworks */,
			);
			name = "Embed Frameworks";
			runOnlyForDeploymentPostprocessing = 0;
		};
/* End PBXCopyFilesBuildPhase section */

/* Begin PBXFileReference section */
		210F2FC928DC31AD00F2231F /* HTTPClient.swift */ = {isa = PBXFileReference; lastKnownFileType = sourcecode.swift; path = HTTPClient.swift; sourceTree = "<group>"; };
		210F2FCB28DC31F200F2231F /* FeedItemsMapper.swift */ = {isa = PBXFileReference; lastKnownFileType = sourcecode.swift; path = FeedItemsMapper.swift; sourceTree = "<group>"; };
		210F2FCE28E1517F00F2231F /* URLSessionHTTPClientTests.swift */ = {isa = PBXFileReference; lastKnownFileType = sourcecode.swift; path = URLSessionHTTPClientTests.swift; sourceTree = "<group>"; };
		210F2FD128E2DD6900F2231F /* XCTestCase+MemoryLeakTracking.swift */ = {isa = PBXFileReference; lastKnownFileType = sourcecode.swift; path = "XCTestCase+MemoryLeakTracking.swift"; sourceTree = "<group>"; };
		210F2FD328E5703800F2231F /* URLSessionHTTPClient.swift */ = {isa = PBXFileReference; lastKnownFileType = sourcecode.swift; path = URLSessionHTTPClient.swift; sourceTree = "<group>"; };
		210F2FD928E58CE500F2231F /* Essentail_practiceEndToEndTests.xctest */ = {isa = PBXFileReference; explicitFileType = wrapper.cfbundle; includeInIndex = 0; path = Essentail_practiceEndToEndTests.xctest; sourceTree = BUILT_PRODUCTS_DIR; };
		210F2FDB28E58CE500F2231F /* Essentail_practiceEndToEndTests.swift */ = {isa = PBXFileReference; lastKnownFileType = sourcecode.swift; path = Essentail_practiceEndToEndTests.swift; sourceTree = "<group>"; };
		210F2FE928FFA60C00F2231F /* CacheFeedUseCaseTest.swift */ = {isa = PBXFileReference; lastKnownFileType = sourcecode.swift; path = CacheFeedUseCaseTest.swift; sourceTree = "<group>"; };
		2110D60F29E948FA00C8C625 /* ErrorView.swift */ = {isa = PBXFileReference; lastKnownFileType = sourcecode.swift; path = ErrorView.swift; sourceTree = "<group>"; };
		2110D61229E9952C00C8C625 /* UIRefreshControl+Helpers.swift */ = {isa = PBXFileReference; lastKnownFileType = sourcecode.swift; path = "UIRefreshControl+Helpers.swift"; sourceTree = "<group>"; };
		2110D61529ED2C2E00C8C625 /* FeedPresenterTest.swift */ = {isa = PBXFileReference; lastKnownFileType = sourcecode.swift; path = FeedPresenterTest.swift; sourceTree = "<group>"; };
		2110D61A29ED3CD900C8C625 /* en */ = {isa = PBXFileReference; lastKnownFileType = text.plist.strings; name = en; path = en.lproj/Feed.strings; sourceTree = "<group>"; };
		2110D61C29ED3CDE00C8C625 /* el */ = {isa = PBXFileReference; lastKnownFileType = text.plist.strings; name = el; path = el.lproj/Feed.strings; sourceTree = "<group>"; };
		2110D61D29ED3CDF00C8C625 /* pt-BR */ = {isa = PBXFileReference; lastKnownFileType = text.plist.strings; name = "pt-BR"; path = "pt-BR.lproj/Feed.strings"; sourceTree = "<group>"; };
		2110D61F29ED3DD600C8C625 /* FeedPresenter.swift */ = {isa = PBXFileReference; lastKnownFileType = sourcecode.swift; path = FeedPresenter.swift; sourceTree = "<group>"; };
		2110D62229ED40B700C8C625 /* FeedViewModelData.swift */ = {isa = PBXFileReference; lastKnownFileType = sourcecode.swift; path = FeedViewModelData.swift; sourceTree = "<group>"; };
		2110D62429ED40DA00C8C625 /* FeedLoadingViewModelData.swift */ = {isa = PBXFileReference; lastKnownFileType = sourcecode.swift; path = FeedLoadingViewModelData.swift; sourceTree = "<group>"; };
		2110D62629ED40FD00C8C625 /* FeedErrorViewModelData.swift */ = {isa = PBXFileReference; lastKnownFileType = sourcecode.swift; path = FeedErrorViewModelData.swift; sourceTree = "<group>"; };
		2110D62B29EE6A3200C8C625 /* FeedImagePresenter.swift */ = {isa = PBXFileReference; lastKnownFileType = sourcecode.swift; path = FeedImagePresenter.swift; sourceTree = "<group>"; };
		2110D62D29EE6A4E00C8C625 /* FeedImagePresenterTest.swift */ = {isa = PBXFileReference; lastKnownFileType = sourcecode.swift; path = FeedImagePresenterTest.swift; sourceTree = "<group>"; };
		2110D62F29EE82A900C8C625 /* FeedImageViewModelData.swift */ = {isa = PBXFileReference; lastKnownFileType = sourcecode.swift; path = FeedImageViewModelData.swift; sourceTree = "<group>"; };
		2110D63229F22E1B00C8C625 /* LoadFeedImageDataFromRemoteUseCaseTests.swift */ = {isa = PBXFileReference; lastKnownFileType = sourcecode.swift; path = LoadFeedImageDataFromRemoteUseCaseTests.swift; sourceTree = "<group>"; };
		2110D63429F66DF000C8C625 /* RemoteFeedImageDataLoader.swift */ = {isa = PBXFileReference; lastKnownFileType = sourcecode.swift; path = RemoteFeedImageDataLoader.swift; sourceTree = "<group>"; };
		2110D63729F6C46200C8C625 /* HTTPURLResponse+StatusCode.swift */ = {isa = PBXFileReference; lastKnownFileType = sourcecode.swift; path = "HTTPURLResponse+StatusCode.swift"; sourceTree = "<group>"; };
		2110D63A29F6C57100C8C625 /* URLProtocolStub.swift */ = {isa = PBXFileReference; lastKnownFileType = sourcecode.swift; path = URLProtocolStub.swift; sourceTree = "<group>"; };
		2110D63C29F772D900C8C625 /* LoadFeedImageDataFromCacheUseCaseTests.swift */ = {isa = PBXFileReference; lastKnownFileType = sourcecode.swift; path = LoadFeedImageDataFromCacheUseCaseTests.swift; sourceTree = "<group>"; };
		2110D63E29F799A700C8C625 /* FeedImageDataStore.swift */ = {isa = PBXFileReference; lastKnownFileType = sourcecode.swift; path = FeedImageDataStore.swift; sourceTree = "<group>"; };
		2110D64029F799DA00C8C625 /* LocalFeedImageDataLoader.swift */ = {isa = PBXFileReference; lastKnownFileType = sourcecode.swift; path = LocalFeedImageDataLoader.swift; sourceTree = "<group>"; };
		2110D64229F7B64700C8C625 /* FeedImageDataStoreSpy.swift */ = {isa = PBXFileReference; lastKnownFileType = sourcecode.swift; path = FeedImageDataStoreSpy.swift; sourceTree = "<group>"; };
		2110D64429F7B6CA00C8C625 /* CacheFeedImageDataUseCaseTests.swift */ = {isa = PBXFileReference; lastKnownFileType = sourcecode.swift; path = CacheFeedImageDataUseCaseTests.swift; sourceTree = "<group>"; };
		2110D64629F7C43200C8C625 /* CoreDataFeedImageDataStoreTests.swift */ = {isa = PBXFileReference; lastKnownFileType = sourcecode.swift; path = CoreDataFeedImageDataStoreTests.swift; sourceTree = "<group>"; };
		2110D64829F7C94D00C8C625 /* FeedStore 2.xcdatamodel */ = {isa = PBXFileReference; lastKnownFileType = wrapper.xcdatamodel; path = "FeedStore 2.xcdatamodel"; sourceTree = "<group>"; };
		2110D64929F7CA6900C8C625 /* CoreDataFeedStore+FeedImageDataLoader.swift */ = {isa = PBXFileReference; lastKnownFileType = sourcecode.swift; path = "CoreDataFeedStore+FeedImageDataLoader.swift"; sourceTree = "<group>"; };
		2165A44B29C196A6009EB77C /* Feed.storyboard */ = {isa = PBXFileReference; lastKnownFileType = file.storyboard; path = Feed.storyboard; sourceTree = "<group>"; };
		2165A44D29C196F9009EB77C /* Feed.xcassets */ = {isa = PBXFileReference; lastKnownFileType = folder.assetcatalog; path = Feed.xcassets; sourceTree = "<group>"; };
		2165A44F29C4078E009EB77C /* UITableView+dequeueing.swift */ = {isa = PBXFileReference; lastKnownFileType = sourcecode.swift; path = "UITableView+dequeueing.swift"; sourceTree = "<group>"; };
		2165A45129C40999009EB77C /* UIImageView+animation.swift */ = {isa = PBXFileReference; lastKnownFileType = sourcecode.swift; path = "UIImageView+animation.swift"; sourceTree = "<group>"; };
		217047B4299D118000CDD636 /* FeedViewModel.swift */ = {isa = PBXFileReference; lastKnownFileType = sourcecode.swift; path = FeedViewModel.swift; sourceTree = "<group>"; };
		217047B6299D175B00CDD636 /* FeedImageViewModel.swift */ = {isa = PBXFileReference; lastKnownFileType = sourcecode.swift; path = FeedImageViewModel.swift; sourceTree = "<group>"; };
		21786DDE29E3EE2F002E9CF1 /* MainQueueDispatchDecorator.swift */ = {isa = PBXFileReference; lastKnownFileType = sourcecode.swift; path = MainQueueDispatchDecorator.swift; sourceTree = "<group>"; };
		21786DE029E3EE83002E9CF1 /* WeakRefVirtualProxy.swift */ = {isa = PBXFileReference; lastKnownFileType = sourcecode.swift; path = WeakRefVirtualProxy.swift; sourceTree = "<group>"; };
		21786DE229E3EEF5002E9CF1 /* FeedImageDataLoaderPresentationAdapter.swift */ = {isa = PBXFileReference; lastKnownFileType = sourcecode.swift; path = FeedImageDataLoaderPresentationAdapter.swift; sourceTree = "<group>"; };
		21786DE429E3EF29002E9CF1 /* FeedLoaderPresentationAdapter.swift */ = {isa = PBXFileReference; lastKnownFileType = sourcecode.swift; path = FeedLoaderPresentationAdapter.swift; sourceTree = "<group>"; };
		21786DE629E3EF57002E9CF1 /* FeedViewAdapter.swift */ = {isa = PBXFileReference; lastKnownFileType = sourcecode.swift; path = FeedViewAdapter.swift; sourceTree = "<group>"; };
		217CF6222976995A00A4AF79 /* FeedImageCell.swift */ = {isa = PBXFileReference; lastKnownFileType = sourcecode.swift; path = FeedImageCell.swift; sourceTree = "<group>"; };
		217CF6242977BC8400A4AF79 /* UIView+Shimmering.swift */ = {isa = PBXFileReference; lastKnownFileType = sourcecode.swift; path = "UIView+Shimmering.swift"; sourceTree = "<group>"; };
		217CF62A2990CC7600A4AF79 /* UIImage+TestHelpers.swift */ = {isa = PBXFileReference; lastKnownFileType = sourcecode.swift; path = "UIImage+TestHelpers.swift"; sourceTree = "<group>"; };
		217CF62C2990CCD800A4AF79 /* UIRefreshControl+TestHelpers.swift */ = {isa = PBXFileReference; lastKnownFileType = sourcecode.swift; path = "UIRefreshControl+TestHelpers.swift"; sourceTree = "<group>"; };
		217CF62F2990CD2300A4AF79 /* UIButton+TestHelpers.swift */ = {isa = PBXFileReference; lastKnownFileType = sourcecode.swift; path = "UIButton+TestHelpers.swift"; sourceTree = "<group>"; };
		217CF6342990D9FB00A4AF79 /* FeedViewController+TestHelpers.swift */ = {isa = PBXFileReference; lastKnownFileType = sourcecode.swift; path = "FeedViewController+TestHelpers.swift"; sourceTree = "<group>"; };
		217CF6362990DA8700A4AF79 /* FeedImageCell+TestHelpers.swift */ = {isa = PBXFileReference; lastKnownFileType = sourcecode.swift; path = "FeedImageCell+TestHelpers.swift"; sourceTree = "<group>"; };
		217CF6392990DB4600A4AF79 /* FeedUIIntegrationTests+LoaderSpy.swift */ = {isa = PBXFileReference; lastKnownFileType = sourcecode.swift; path = "FeedUIIntegrationTests+LoaderSpy.swift"; sourceTree = "<group>"; };
		217CF63B2990DBE000A4AF79 /* FeedUIIntegrationTests+Assertions.swift */ = {isa = PBXFileReference; lastKnownFileType = sourcecode.swift; path = "FeedUIIntegrationTests+Assertions.swift"; sourceTree = "<group>"; };
		217CF6432990DD9600A4AF79 /* FeedImageDataLoader.swift */ = {isa = PBXFileReference; lastKnownFileType = sourcecode.swift; path = FeedImageDataLoader.swift; sourceTree = "<group>"; };
		217CF6472990EA0500A4AF79 /* FeedImageCellController.swift */ = {isa = PBXFileReference; lastKnownFileType = sourcecode.swift; path = FeedImageCellController.swift; sourceTree = "<group>"; };
		217CF64A2990ED1700A4AF79 /* FeedUIComposer.swift */ = {isa = PBXFileReference; lastKnownFileType = sourcecode.swift; path = FeedUIComposer.swift; sourceTree = "<group>"; };
		21D0A98529E1420700EA20C1 /* FeedUIIntegrationTests+Localization.swift */ = {isa = PBXFileReference; lastKnownFileType = sourcecode.swift; path = "FeedUIIntegrationTests+Localization.swift"; sourceTree = "<group>"; };
		21D0A98729E1446400EA20C1 /* UIControl+TestHelpers.swift */ = {isa = PBXFileReference; lastKnownFileType = sourcecode.swift; path = "UIControl+TestHelpers.swift"; sourceTree = "<group>"; };
		21D0A98C29E145C700EA20C1 /* FeedLocalizationTests.swift */ = {isa = PBXFileReference; lastKnownFileType = sourcecode.swift; path = FeedLocalizationTests.swift; sourceTree = "<group>"; };
		21DF304C29068932009AF601 /* LocalFeedLoader.swift */ = {isa = PBXFileReference; lastKnownFileType = sourcecode.swift; path = LocalFeedLoader.swift; sourceTree = "<group>"; };
		21DF304E29068961009AF601 /* FeedStore.swift */ = {isa = PBXFileReference; lastKnownFileType = sourcecode.swift; path = FeedStore.swift; sourceTree = "<group>"; };
		21DF30502908E025009AF601 /* RemoteFeedItem.swift */ = {isa = PBXFileReference; lastKnownFileType = sourcecode.swift; path = RemoteFeedItem.swift; sourceTree = "<group>"; };
		21DF30522908E06E009AF601 /* LocalFeedImage.swift */ = {isa = PBXFileReference; lastKnownFileType = sourcecode.swift; path = LocalFeedImage.swift; sourceTree = "<group>"; };
		21DF305429092628009AF601 /* LoadFeedFromCacheUseCaseTest.swift */ = {isa = PBXFileReference; lastKnownFileType = sourcecode.swift; path = LoadFeedFromCacheUseCaseTest.swift; sourceTree = "<group>"; };
		21DF3056290926FA009AF601 /* FeedStoreSpy.swift */ = {isa = PBXFileReference; lastKnownFileType = sourcecode.swift; path = FeedStoreSpy.swift; sourceTree = "<group>"; };
		21DF310B2923818F009AF601 /* ValidateCacheUseCaseTests.swift */ = {isa = PBXFileReference; lastKnownFileType = sourcecode.swift; path = ValidateCacheUseCaseTests.swift; sourceTree = "<group>"; };
		21DF310D2924CACC009AF601 /* FeedCacheTestHelpers.swift */ = {isa = PBXFileReference; lastKnownFileType = sourcecode.swift; path = FeedCacheTestHelpers.swift; sourceTree = "<group>"; };
		21DF310F2924CB0B009AF601 /* SharedTestHelpers.swift */ = {isa = PBXFileReference; lastKnownFileType = sourcecode.swift; path = SharedTestHelpers.swift; sourceTree = "<group>"; };
		21DF311229272854009AF601 /* FeedCachePolicy.swift */ = {isa = PBXFileReference; lastKnownFileType = sourcecode.swift; path = FeedCachePolicy.swift; sourceTree = "<group>"; };
		21DF3114292CAA18009AF601 /* CodableFeedStoreTests.swift */ = {isa = PBXFileReference; lastKnownFileType = sourcecode.swift; path = CodableFeedStoreTests.swift; sourceTree = "<group>"; };
		21DF311629308D2E009AF601 /* CodableFeedStore.swift */ = {isa = PBXFileReference; lastKnownFileType = sourcecode.swift; path = CodableFeedStore.swift; sourceTree = "<group>"; };
		21DF31182939D3D9009AF601 /* FeedStoreSpecs.swift */ = {isa = PBXFileReference; lastKnownFileType = sourcecode.swift; path = FeedStoreSpecs.swift; sourceTree = "<group>"; };
		21DF311A2939D47C009AF601 /* XCTestCase+FeedStoreSpecs.swift */ = {isa = PBXFileReference; lastKnownFileType = sourcecode.swift; path = "XCTestCase+FeedStoreSpecs.swift"; sourceTree = "<group>"; };
		21DF311C2939F518009AF601 /* XCTestCase+FailableRetrieveFeedStoreSpecs.swift */ = {isa = PBXFileReference; lastKnownFileType = sourcecode.swift; path = "XCTestCase+FailableRetrieveFeedStoreSpecs.swift"; sourceTree = "<group>"; };
		21DF311E293C5FEA009AF601 /* XCTestCase+FailableInsertFeedStoreSpecs.swift */ = {isa = PBXFileReference; lastKnownFileType = sourcecode.swift; path = "XCTestCase+FailableInsertFeedStoreSpecs.swift"; sourceTree = "<group>"; };
		21DF3120293C60C9009AF601 /* XCTestCase+FailableDeleteFeedStoreSpecs.swift */ = {isa = PBXFileReference; lastKnownFileType = sourcecode.swift; path = "XCTestCase+FailableDeleteFeedStoreSpecs.swift"; sourceTree = "<group>"; };
		21DF3146293F2D56009AF601 /* CoreDataFeedStoreTests.swift */ = {isa = PBXFileReference; lastKnownFileType = sourcecode.swift; path = CoreDataFeedStoreTests.swift; sourceTree = "<group>"; };
		21DF3148293F2E5F009AF601 /* CoreDataFeedStore.swift */ = {isa = PBXFileReference; lastKnownFileType = sourcecode.swift; path = CoreDataFeedStore.swift; sourceTree = "<group>"; };
		21DF314B293F3087009AF601 /* FeedStore.xcdatamodel */ = {isa = PBXFileReference; lastKnownFileType = wrapper.xcdatamodel; path = FeedStore.xcdatamodel; sourceTree = "<group>"; };
		21DF315B2940803C009AF601 /* CoreDataHelpers.swift */ = {isa = PBXFileReference; lastKnownFileType = sourcecode.swift; path = CoreDataHelpers.swift; sourceTree = "<group>"; };
		21DF315D2940808D009AF601 /* ManagedCache.swift */ = {isa = PBXFileReference; lastKnownFileType = sourcecode.swift; path = ManagedCache.swift; sourceTree = "<group>"; };
		21DF315F294080A9009AF601 /* ManagedFeedImage.swift */ = {isa = PBXFileReference; lastKnownFileType = sourcecode.swift; path = ManagedFeedImage.swift; sourceTree = "<group>"; };
		21DF3165294D8E3B009AF601 /* EssentialPracticeCacheIntegrationTests.xctest */ = {isa = PBXFileReference; explicitFileType = wrapper.cfbundle; includeInIndex = 0; path = EssentialPracticeCacheIntegrationTests.xctest; sourceTree = BUILT_PRODUCTS_DIR; };
		21DF3167294D8E3B009AF601 /* EssentialPracticeCacheIntegrationTests.swift */ = {isa = PBXFileReference; lastKnownFileType = sourcecode.swift; path = EssentialPracticeCacheIntegrationTests.swift; sourceTree = "<group>"; };
		21F3964F28C89387005B08CD /* Essentail_practice.framework */ = {isa = PBXFileReference; explicitFileType = wrapper.framework; includeInIndex = 0; path = Essentail_practice.framework; sourceTree = BUILT_PRODUCTS_DIR; };
		21F3965228C89387005B08CD /* Essentail_practice.h */ = {isa = PBXFileReference; lastKnownFileType = sourcecode.c.h; path = Essentail_practice.h; sourceTree = "<group>"; };
		21F3965728C89387005B08CD /* Essentail-practiceTests.xctest */ = {isa = PBXFileReference; explicitFileType = wrapper.cfbundle; includeInIndex = 0; path = "Essentail-practiceTests.xctest"; sourceTree = BUILT_PRODUCTS_DIR; };
		21F3965C28C89387005B08CD /* LoadFeedFromRemoteUseCases.swift */ = {isa = PBXFileReference; lastKnownFileType = sourcecode.swift; path = LoadFeedFromRemoteUseCases.swift; sourceTree = "<group>"; };
		21F3966828D306CA005B08CD /* FeedImage.swift */ = {isa = PBXFileReference; lastKnownFileType = sourcecode.swift; path = FeedImage.swift; sourceTree = "<group>"; };
		21F3966A28D30725005B08CD /* FeedLoader.swift */ = {isa = PBXFileReference; lastKnownFileType = sourcecode.swift; path = FeedLoader.swift; sourceTree = "<group>"; };
		21F3966D28D45454005B08CD /* RemoteFeedLoader.swift */ = {isa = PBXFileReference; lastKnownFileType = sourcecode.swift; path = RemoteFeedLoader.swift; sourceTree = "<group>"; };
		21F6FBC62975327300EF9698 /* EssentialPracticeiOS.framework */ = {isa = PBXFileReference; explicitFileType = wrapper.framework; includeInIndex = 0; path = EssentialPracticeiOS.framework; sourceTree = BUILT_PRODUCTS_DIR; };
		21F6FBC82975327300EF9698 /* EssentialPracticeiOS.h */ = {isa = PBXFileReference; lastKnownFileType = sourcecode.c.h; path = EssentialPracticeiOS.h; sourceTree = "<group>"; };
		21F6FBCD2975327300EF9698 /* EssentialPracticeiOSTests.xctest */ = {isa = PBXFileReference; explicitFileType = wrapper.cfbundle; includeInIndex = 0; path = EssentialPracticeiOSTests.xctest; sourceTree = BUILT_PRODUCTS_DIR; };
		21F6FBD22975327300EF9698 /* FeedUIIntegrationTests.swift */ = {isa = PBXFileReference; lastKnownFileType = sourcecode.swift; path = FeedUIIntegrationTests.swift; sourceTree = "<group>"; };
		21F6FBE329758EDB00EF9698 /* FeedViewController.swift */ = {isa = PBXFileReference; lastKnownFileType = sourcecode.swift; path = FeedViewController.swift; sourceTree = "<group>"; };
		21FDF58329FA2B18003EFCFB /* CoreDataFeedStore+FeedStore.swift */ = {isa = PBXFileReference; lastKnownFileType = sourcecode.swift; path = "CoreDataFeedStore+FeedStore.swift"; sourceTree = "<group>"; };
/* End PBXFileReference section */

/* Begin PBXFrameworksBuildPhase section */
		210F2FD628E58CE500F2231F /* Frameworks */ = {
			isa = PBXFrameworksBuildPhase;
			buildActionMask = 2147483647;
			files = (
				210F2FDD28E58CE500F2231F /* Essentail_practice.framework in Frameworks */,
			);
			runOnlyForDeploymentPostprocessing = 0;
		};
		21DF3162294D8E3B009AF601 /* Frameworks */ = {
			isa = PBXFrameworksBuildPhase;
			buildActionMask = 2147483647;
			files = (
				21DF3169294D8E3B009AF601 /* Essentail_practice.framework in Frameworks */,
			);
			runOnlyForDeploymentPostprocessing = 0;
		};
		21F3964C28C89387005B08CD /* Frameworks */ = {
			isa = PBXFrameworksBuildPhase;
			buildActionMask = 2147483647;
			files = (
			);
			runOnlyForDeploymentPostprocessing = 0;
		};
		21F3965428C89387005B08CD /* Frameworks */ = {
			isa = PBXFrameworksBuildPhase;
			buildActionMask = 2147483647;
			files = (
				21F3965828C89387005B08CD /* Essentail_practice.framework in Frameworks */,
			);
			runOnlyForDeploymentPostprocessing = 0;
		};
		21F6FBC32975327300EF9698 /* Frameworks */ = {
			isa = PBXFrameworksBuildPhase;
			buildActionMask = 2147483647;
			files = (
				21F6FBDC2975386D00EF9698 /* Essentail_practice.framework in Frameworks */,
			);
			runOnlyForDeploymentPostprocessing = 0;
		};
		21F6FBCA2975327300EF9698 /* Frameworks */ = {
			isa = PBXFrameworksBuildPhase;
			buildActionMask = 2147483647;
			files = (
				21F6FBCE2975327300EF9698 /* EssentialPracticeiOS.framework in Frameworks */,
			);
			runOnlyForDeploymentPostprocessing = 0;
		};
/* End PBXFrameworksBuildPhase section */

/* Begin PBXGroup section */
		210258B829A4AC8900BE5FA1 /* MVVM */ = {
			isa = PBXGroup;
			children = (
				217047B6299D175B00CDD636 /* FeedImageViewModel.swift */,
				217047B4299D118000CDD636 /* FeedViewModel.swift */,
			);
			path = MVVM;
			sourceTree = "<group>";
		};
		210F2FCD28DC3DF400F2231F /* Feed API */ = {
			isa = PBXGroup;
			children = (
				2110D63929F6C56800C8C625 /* Helpers */,
				21F3965C28C89387005B08CD /* LoadFeedFromRemoteUseCases.swift */,
				210F2FCE28E1517F00F2231F /* URLSessionHTTPClientTests.swift */,
				2110D63229F22E1B00C8C625 /* LoadFeedImageDataFromRemoteUseCaseTests.swift */,
			);
			path = "Feed API";
			sourceTree = "<group>";
		};
		210F2FD028E2DD3900F2231F /* Helpers */ = {
			isa = PBXGroup;
			children = (
				210F2FD128E2DD6900F2231F /* XCTestCase+MemoryLeakTracking.swift */,
				21DF310F2924CB0B009AF601 /* SharedTestHelpers.swift */,
			);
			path = Helpers;
			sourceTree = "<group>";
		};
		210F2FDA28E58CE500F2231F /* Essentail_practiceEndToEndTests */ = {
			isa = PBXGroup;
			children = (
				210F2FDB28E58CE500F2231F /* Essentail_practiceEndToEndTests.swift */,
			);
			path = Essentail_practiceEndToEndTests;
			sourceTree = "<group>";
		};
		210F2FE828FFA5E600F2231F /* Feed Cache */ = {
			isa = PBXGroup;
			children = (
				21DF3122293C6192009AF601 /* FeedStoreSpecs */,
				21DF31112924CBBE009AF601 /* Helpers */,
				210F2FE928FFA60C00F2231F /* CacheFeedUseCaseTest.swift */,
				21DF305429092628009AF601 /* LoadFeedFromCacheUseCaseTest.swift */,
				21DF310B2923818F009AF601 /* ValidateCacheUseCaseTests.swift */,
				21DF3114292CAA18009AF601 /* CodableFeedStoreTests.swift */,
				21DF3146293F2D56009AF601 /* CoreDataFeedStoreTests.swift */,
				2110D63C29F772D900C8C625 /* LoadFeedImageDataFromCacheUseCaseTests.swift */,
				2110D64429F7B6CA00C8C625 /* CacheFeedImageDataUseCaseTests.swift */,
				2110D64629F7C43200C8C625 /* CoreDataFeedImageDataStoreTests.swift */,
			);
			path = "Feed Cache";
			sourceTree = "<group>";
		};
		2110D61129E9944500C8C625 /* Helpers */ = {
			isa = PBXGroup;
			children = (
				217CF6242977BC8400A4AF79 /* UIView+Shimmering.swift */,
				2165A44F29C4078E009EB77C /* UITableView+dequeueing.swift */,
				2165A45129C40999009EB77C /* UIImageView+animation.swift */,
				2110D61229E9952C00C8C625 /* UIRefreshControl+Helpers.swift */,
			);
			path = Helpers;
			sourceTree = "<group>";
		};
		2110D61429ED2BFA00C8C625 /* Feed Presentation */ = {
			isa = PBXGroup;
			children = (
				2110D61529ED2C2E00C8C625 /* FeedPresenterTest.swift */,
				21D0A98C29E145C700EA20C1 /* FeedLocalizationTests.swift */,
				2110D62D29EE6A4E00C8C625 /* FeedImagePresenterTest.swift */,
			);
			path = "Feed Presentation";
			sourceTree = "<group>";
		};
		2110D61E29ED3DC900C8C625 /* Feed Presentation */ = {
			isa = PBXGroup;
			children = (
				2110D61F29ED3DD600C8C625 /* FeedPresenter.swift */,
				2110D62229ED40B700C8C625 /* FeedViewModelData.swift */,
				2110D62429ED40DA00C8C625 /* FeedLoadingViewModelData.swift */,
				2110D62629ED40FD00C8C625 /* FeedErrorViewModelData.swift */,
				2110D62B29EE6A3200C8C625 /* FeedImagePresenter.swift */,
				2110D62F29EE82A900C8C625 /* FeedImageViewModelData.swift */,
				2110D61B29ED3CD900C8C625 /* Feed.strings */,
			);
			path = "Feed Presentation";
			sourceTree = "<group>";
		};
		2110D63629F6C45300C8C625 /* Helpers */ = {
			isa = PBXGroup;
			children = (
				2110D63729F6C46200C8C625 /* HTTPURLResponse+StatusCode.swift */,
			);
			path = Helpers;
			sourceTree = "<group>";
		};
		2110D63929F6C56800C8C625 /* Helpers */ = {
			isa = PBXGroup;
			children = (
				2110D63A29F6C57100C8C625 /* URLProtocolStub.swift */,
			);
			path = Helpers;
			sourceTree = "<group>";
		};
		21713B54299E014100600D66 /* Feed Presentation */ = {
			isa = PBXGroup;
			children = (
				210258B829A4AC8900BE5FA1 /* MVVM */,
			);
			path = "Feed Presentation";
			sourceTree = "<group>";
		};
		217CF6312990CDF600A4AF79 /* Controllers */ = {
			isa = PBXGroup;
			children = (
				21F6FBE329758EDB00EF9698 /* FeedViewController.swift */,
				217CF6472990EA0500A4AF79 /* FeedImageCellController.swift */,
			);
			path = Controllers;
			sourceTree = "<group>";
		};
		217CF6322990CE0400A4AF79 /* Views */ = {
			isa = PBXGroup;
			children = (
				2110D61129E9944500C8C625 /* Helpers */,
				217CF6222976995A00A4AF79 /* FeedImageCell.swift */,
				2165A44B29C196A6009EB77C /* Feed.storyboard */,
				2165A44D29C196F9009EB77C /* Feed.xcassets */,
				2110D60F29E948FA00C8C625 /* ErrorView.swift */,
			);
			path = Views;
			sourceTree = "<group>";
		};
		217CF6332990CE1900A4AF79 /* Controllers */ = {
			isa = PBXGroup;
			children = (
				217CF6382990DAE000A4AF79 /* Helpers */,
				21F6FBD22975327300EF9698 /* FeedUIIntegrationTests.swift */,
			);
			path = Controllers;
			sourceTree = "<group>";
		};
		217CF6382990DAE000A4AF79 /* Helpers */ = {
			isa = PBXGroup;
			children = (
				217CF62A2990CC7600A4AF79 /* UIImage+TestHelpers.swift */,
				217CF62C2990CCD800A4AF79 /* UIRefreshControl+TestHelpers.swift */,
				217CF62F2990CD2300A4AF79 /* UIButton+TestHelpers.swift */,
				21D0A98729E1446400EA20C1 /* UIControl+TestHelpers.swift */,
				217CF6342990D9FB00A4AF79 /* FeedViewController+TestHelpers.swift */,
				217CF6362990DA8700A4AF79 /* FeedImageCell+TestHelpers.swift */,
				217CF6392990DB4600A4AF79 /* FeedUIIntegrationTests+LoaderSpy.swift */,
				217CF63B2990DBE000A4AF79 /* FeedUIIntegrationTests+Assertions.swift */,
				21D0A98529E1420700EA20C1 /* FeedUIIntegrationTests+Localization.swift */,
			);
			path = Helpers;
			sourceTree = "<group>";
		};
		217CF63D2990DC6200A4AF79 /* Feed UI */ = {
			isa = PBXGroup;
			children = (
				217CF6492990ED0A00A4AF79 /* Composers */,
				217CF6322990CE0400A4AF79 /* Views */,
				217CF6312990CDF600A4AF79 /* Controllers */,
			);
			path = "Feed UI";
			sourceTree = "<group>";
		};
		217CF63E2990DC8700A4AF79 /* Feed UI */ = {
			isa = PBXGroup;
			children = (
				217CF6332990CE1900A4AF79 /* Controllers */,
			);
			path = "Feed UI";
			sourceTree = "<group>";
		};
		217CF6492990ED0A00A4AF79 /* Composers */ = {
			isa = PBXGroup;
			children = (
				217CF64A2990ED1700A4AF79 /* FeedUIComposer.swift */,
				21786DDE29E3EE2F002E9CF1 /* MainQueueDispatchDecorator.swift */,
				21786DE029E3EE83002E9CF1 /* WeakRefVirtualProxy.swift */,
				21786DE229E3EEF5002E9CF1 /* FeedImageDataLoaderPresentationAdapter.swift */,
				21786DE429E3EF29002E9CF1 /* FeedLoaderPresentationAdapter.swift */,
				21786DE629E3EF57002E9CF1 /* FeedViewAdapter.swift */,
			);
			path = Composers;
			sourceTree = "<group>";
		};
		21D0A98B29E145AE00EA20C1 /* Feed Presentation */ = {
			isa = PBXGroup;
			children = (
			);
			path = "Feed Presentation";
			sourceTree = "<group>";
		};
		21DF304B29068924009AF601 /* Feed Cache */ = {
			isa = PBXGroup;
			children = (
				21DF315529407F9B009AF601 /* Infrastructure */,
				21DF304C29068932009AF601 /* LocalFeedLoader.swift */,
				21DF304E29068961009AF601 /* FeedStore.swift */,
				21DF30522908E06E009AF601 /* LocalFeedImage.swift */,
				21DF311229272854009AF601 /* FeedCachePolicy.swift */,
				2110D64029F799DA00C8C625 /* LocalFeedImageDataLoader.swift */,
				2110D63E29F799A700C8C625 /* FeedImageDataStore.swift */,
			);
			path = "Feed Cache";
			sourceTree = "<group>";
		};
		21DF31112924CBBE009AF601 /* Helpers */ = {
			isa = PBXGroup;
			children = (
				21DF3056290926FA009AF601 /* FeedStoreSpy.swift */,
				21DF310D2924CACC009AF601 /* FeedCacheTestHelpers.swift */,
				2110D64229F7B64700C8C625 /* FeedImageDataStoreSpy.swift */,
			);
			path = Helpers;
			sourceTree = "<group>";
		};
		21DF3122293C6192009AF601 /* FeedStoreSpecs */ = {
			isa = PBXGroup;
			children = (
				21DF3120293C60C9009AF601 /* XCTestCase+FailableDeleteFeedStoreSpecs.swift */,
				21DF311E293C5FEA009AF601 /* XCTestCase+FailableInsertFeedStoreSpecs.swift */,
				21DF31182939D3D9009AF601 /* FeedStoreSpecs.swift */,
				21DF311C2939F518009AF601 /* XCTestCase+FailableRetrieveFeedStoreSpecs.swift */,
				21DF311A2939D47C009AF601 /* XCTestCase+FeedStoreSpecs.swift */,
			);
			path = FeedStoreSpecs;
			sourceTree = "<group>";
		};
		21DF315529407F9B009AF601 /* Infrastructure */ = {
			isa = PBXGroup;
			children = (
				21DF315729407FDD009AF601 /* Codable */,
				21DF315629407FAC009AF601 /* CoreData */,
			);
			path = Infrastructure;
			sourceTree = "<group>";
		};
		21DF315629407FAC009AF601 /* CoreData */ = {
			isa = PBXGroup;
			children = (
				21FDF60229FB6609003EFCFB /* ManagedObejcts */,
				21DF314A293F3087009AF601 /* FeedStore.xcdatamodeld */,
				21DF3148293F2E5F009AF601 /* CoreDataFeedStore.swift */,
				21DF315B2940803C009AF601 /* CoreDataHelpers.swift */,
				2110D64929F7CA6900C8C625 /* CoreDataFeedStore+FeedImageDataLoader.swift */,
				21FDF58329FA2B18003EFCFB /* CoreDataFeedStore+FeedStore.swift */,
			);
			path = CoreData;
			sourceTree = "<group>";
		};
		21DF315729407FDD009AF601 /* Codable */ = {
			isa = PBXGroup;
			children = (
				21DF311629308D2E009AF601 /* CodableFeedStore.swift */,
			);
			path = Codable;
			sourceTree = "<group>";
		};
		21DF3166294D8E3B009AF601 /* EssentialPracticeCacheIntegrationTests */ = {
			isa = PBXGroup;
			children = (
				21DF3167294D8E3B009AF601 /* EssentialPracticeCacheIntegrationTests.swift */,
			);
			path = EssentialPracticeCacheIntegrationTests;
			sourceTree = "<group>";
		};
		21F3964528C89387005B08CD = {
			isa = PBXGroup;
			children = (
				21F3965128C89387005B08CD /* Essentail-practice */,
				21F3965B28C89387005B08CD /* Essentail-practiceTests */,
				210F2FDA28E58CE500F2231F /* Essentail_practiceEndToEndTests */,
				21DF3166294D8E3B009AF601 /* EssentialPracticeCacheIntegrationTests */,
				21F6FBC72975327300EF9698 /* EssentialPracticeiOS */,
				21F6FBD12975327300EF9698 /* EssentialPracticeiOSTests */,
				21F3965028C89387005B08CD /* Products */,
				21F6FBDB2975386D00EF9698 /* Frameworks */,
			);
			sourceTree = "<group>";
		};
		21F3965028C89387005B08CD /* Products */ = {
			isa = PBXGroup;
			children = (
				21F3964F28C89387005B08CD /* Essentail_practice.framework */,
				21F3965728C89387005B08CD /* Essentail-practiceTests.xctest */,
				210F2FD928E58CE500F2231F /* Essentail_practiceEndToEndTests.xctest */,
				21DF3165294D8E3B009AF601 /* EssentialPracticeCacheIntegrationTests.xctest */,
				21F6FBC62975327300EF9698 /* EssentialPracticeiOS.framework */,
				21F6FBCD2975327300EF9698 /* EssentialPracticeiOSTests.xctest */,
			);
			name = Products;
			sourceTree = "<group>";
		};
		21F3965128C89387005B08CD /* Essentail-practice */ = {
			isa = PBXGroup;
			children = (
				2110D61E29ED3DC900C8C625 /* Feed Presentation */,
				21DF304B29068924009AF601 /* Feed Cache */,
				21F3966C28D45449005B08CD /* Feed API */,
				21F3966728C893F1005B08CD /* Feed Feature */,
				21F3965228C89387005B08CD /* Essentail_practice.h */,
			);
			path = "Essentail-practice";
			sourceTree = "<group>";
		};
		21F3965B28C89387005B08CD /* Essentail-practiceTests */ = {
			isa = PBXGroup;
			children = (
				2110D61429ED2BFA00C8C625 /* Feed Presentation */,
				210F2FD028E2DD3900F2231F /* Helpers */,
				210F2FE828FFA5E600F2231F /* Feed Cache */,
				210F2FCD28DC3DF400F2231F /* Feed API */,
			);
			path = "Essentail-practiceTests";
			sourceTree = "<group>";
		};
		21F3966728C893F1005B08CD /* Feed Feature */ = {
			isa = PBXGroup;
			children = (
				21F3966828D306CA005B08CD /* FeedImage.swift */,
				21F3966A28D30725005B08CD /* FeedLoader.swift */,
				217CF6432990DD9600A4AF79 /* FeedImageDataLoader.swift */,
			);
			path = "Feed Feature";
			sourceTree = "<group>";
		};
		21F3966C28D45449005B08CD /* Feed API */ = {
			isa = PBXGroup;
			children = (
				2110D63629F6C45300C8C625 /* Helpers */,
				21F3966D28D45454005B08CD /* RemoteFeedLoader.swift */,
				210F2FC928DC31AD00F2231F /* HTTPClient.swift */,
				210F2FCB28DC31F200F2231F /* FeedItemsMapper.swift */,
				210F2FD328E5703800F2231F /* URLSessionHTTPClient.swift */,
				21DF30502908E025009AF601 /* RemoteFeedItem.swift */,
				2110D63429F66DF000C8C625 /* RemoteFeedImageDataLoader.swift */,
			);
			path = "Feed API";
			sourceTree = "<group>";
		};
		21F6FBC72975327300EF9698 /* EssentialPracticeiOS */ = {
			isa = PBXGroup;
			children = (
				21713B54299E014100600D66 /* Feed Presentation */,
				217CF63D2990DC6200A4AF79 /* Feed UI */,
				21F6FBC82975327300EF9698 /* EssentialPracticeiOS.h */,
			);
			path = EssentialPracticeiOS;
			sourceTree = "<group>";
		};
		21F6FBD12975327300EF9698 /* EssentialPracticeiOSTests */ = {
			isa = PBXGroup;
			children = (
				21D0A98B29E145AE00EA20C1 /* Feed Presentation */,
				217CF63E2990DC8700A4AF79 /* Feed UI */,
			);
			path = EssentialPracticeiOSTests;
			sourceTree = "<group>";
		};
		21F6FBDB2975386D00EF9698 /* Frameworks */ = {
			isa = PBXGroup;
			children = (
			);
			name = Frameworks;
			sourceTree = "<group>";
		};
		21FDF60229FB6609003EFCFB /* ManagedObejcts */ = {
			isa = PBXGroup;
			children = (
				21DF315D2940808D009AF601 /* ManagedCache.swift */,
				21DF315F294080A9009AF601 /* ManagedFeedImage.swift */,
			);
			path = ManagedObejcts;
			sourceTree = "<group>";
		};
/* End PBXGroup section */

/* Begin PBXHeadersBuildPhase section */
		21F3964A28C89387005B08CD /* Headers */ = {
			isa = PBXHeadersBuildPhase;
			buildActionMask = 2147483647;
			files = (
				21F3965E28C89387005B08CD /* Essentail_practice.h in Headers */,
			);
			runOnlyForDeploymentPostprocessing = 0;
		};
		21F6FBC12975327300EF9698 /* Headers */ = {
			isa = PBXHeadersBuildPhase;
			buildActionMask = 2147483647;
			files = (
				21F6FBD42975327300EF9698 /* EssentialPracticeiOS.h in Headers */,
			);
			runOnlyForDeploymentPostprocessing = 0;
		};
/* End PBXHeadersBuildPhase section */

/* Begin PBXNativeTarget section */
		210F2FD828E58CE500F2231F /* Essentail_practiceEndToEndTests */ = {
			isa = PBXNativeTarget;
			buildConfigurationList = 210F2FE028E58CE500F2231F /* Build configuration list for PBXNativeTarget "Essentail_practiceEndToEndTests" */;
			buildPhases = (
				210F2FD528E58CE500F2231F /* Sources */,
				210F2FD628E58CE500F2231F /* Frameworks */,
				210F2FD728E58CE500F2231F /* Resources */,
			);
			buildRules = (
			);
			dependencies = (
				210F2FDF28E58CE500F2231F /* PBXTargetDependency */,
			);
			name = Essentail_practiceEndToEndTests;
			productName = Essentail_practiceEndToEndTests;
			productReference = 210F2FD928E58CE500F2231F /* Essentail_practiceEndToEndTests.xctest */;
			productType = "com.apple.product-type.bundle.unit-test";
		};
		21DF3164294D8E3B009AF601 /* EssentialPracticeCacheIntegrationTests */ = {
			isa = PBXNativeTarget;
			buildConfigurationList = 21DF316C294D8E3B009AF601 /* Build configuration list for PBXNativeTarget "EssentialPracticeCacheIntegrationTests" */;
			buildPhases = (
				21DF3161294D8E3B009AF601 /* Sources */,
				21DF3162294D8E3B009AF601 /* Frameworks */,
				21DF3163294D8E3B009AF601 /* Resources */,
			);
			buildRules = (
			);
			dependencies = (
				21DF316B294D8E3B009AF601 /* PBXTargetDependency */,
			);
			name = EssentialPracticeCacheIntegrationTests;
			productName = EssentialPracticeCacheIntegrationTests;
			productReference = 21DF3165294D8E3B009AF601 /* EssentialPracticeCacheIntegrationTests.xctest */;
			productType = "com.apple.product-type.bundle.unit-test";
		};
		21F3964E28C89387005B08CD /* Essentail-practice */ = {
			isa = PBXNativeTarget;
			buildConfigurationList = 21F3966128C89387005B08CD /* Build configuration list for PBXNativeTarget "Essentail-practice" */;
			buildPhases = (
				21F3964A28C89387005B08CD /* Headers */,
				21F3964B28C89387005B08CD /* Sources */,
				21F3964C28C89387005B08CD /* Frameworks */,
				21F3964D28C89387005B08CD /* Resources */,
			);
			buildRules = (
			);
			dependencies = (
			);
			name = "Essentail-practice";
			productName = "Essentail-practice";
			productReference = 21F3964F28C89387005B08CD /* Essentail_practice.framework */;
			productType = "com.apple.product-type.framework";
		};
		21F3965628C89387005B08CD /* Essentail-practiceTests */ = {
			isa = PBXNativeTarget;
			buildConfigurationList = 21F3966428C89387005B08CD /* Build configuration list for PBXNativeTarget "Essentail-practiceTests" */;
			buildPhases = (
				21F3965328C89387005B08CD /* Sources */,
				21F3965428C89387005B08CD /* Frameworks */,
				21F3965528C89387005B08CD /* Resources */,
			);
			buildRules = (
			);
			dependencies = (
				21F3965A28C89387005B08CD /* PBXTargetDependency */,
			);
			name = "Essentail-practiceTests";
			productName = "Essentail-practiceTests";
			productReference = 21F3965728C89387005B08CD /* Essentail-practiceTests.xctest */;
			productType = "com.apple.product-type.bundle.unit-test";
		};
		21F6FBC52975327300EF9698 /* EssentialPracticeiOS */ = {
			isa = PBXNativeTarget;
			buildConfigurationList = 21F6FBD52975327300EF9698 /* Build configuration list for PBXNativeTarget "EssentialPracticeiOS" */;
			buildPhases = (
				21F6FBC12975327300EF9698 /* Headers */,
				21F6FBC22975327300EF9698 /* Sources */,
				21F6FBC32975327300EF9698 /* Frameworks */,
				21F6FBC42975327300EF9698 /* Resources */,
				21F6FBE02975386E00EF9698 /* Embed Frameworks */,
			);
			buildRules = (
			);
			dependencies = (
				21F6FBDF2975386D00EF9698 /* PBXTargetDependency */,
			);
			name = EssentialPracticeiOS;
			productName = EssentialPracticeiOS;
			productReference = 21F6FBC62975327300EF9698 /* EssentialPracticeiOS.framework */;
			productType = "com.apple.product-type.framework";
		};
		21F6FBCC2975327300EF9698 /* EssentialPracticeiOSTests */ = {
			isa = PBXNativeTarget;
			buildConfigurationList = 21F6FBD82975327300EF9698 /* Build configuration list for PBXNativeTarget "EssentialPracticeiOSTests" */;
			buildPhases = (
				21F6FBC92975327300EF9698 /* Sources */,
				21F6FBCA2975327300EF9698 /* Frameworks */,
				21F6FBCB2975327300EF9698 /* Resources */,
			);
			buildRules = (
			);
			dependencies = (
				21F6FBD02975327300EF9698 /* PBXTargetDependency */,
			);
			name = EssentialPracticeiOSTests;
			productName = EssentialPracticeiOSTests;
			productReference = 21F6FBCD2975327300EF9698 /* EssentialPracticeiOSTests.xctest */;
			productType = "com.apple.product-type.bundle.unit-test";
		};
/* End PBXNativeTarget section */

/* Begin PBXProject section */
		21F3964628C89387005B08CD /* Project object */ = {
			isa = PBXProject;
			attributes = {
				BuildIndependentTargetsInParallel = 1;
				LastSwiftUpdateCheck = 1420;
				LastUpgradeCheck = 1400;
				TargetAttributes = {
					210F2FD828E58CE500F2231F = {
						CreatedOnToolsVersion = 13.4.1;
					};
					21DF3164294D8E3B009AF601 = {
						CreatedOnToolsVersion = 14.0.1;
					};
					21F3964E28C89387005B08CD = {
						CreatedOnToolsVersion = 13.4.1;
						LastSwiftMigration = 1340;
					};
					21F3965628C89387005B08CD = {
						CreatedOnToolsVersion = 13.4.1;
					};
					21F6FBC52975327300EF9698 = {
						CreatedOnToolsVersion = 14.2;
						LastSwiftMigration = 1420;
					};
					21F6FBCC2975327300EF9698 = {
						CreatedOnToolsVersion = 14.2;
					};
				};
			};
			buildConfigurationList = 21F3964928C89387005B08CD /* Build configuration list for PBXProject "Essentail-practice" */;
			compatibilityVersion = "Xcode 13.0";
			developmentRegion = en;
			hasScannedForEncodings = 0;
			knownRegions = (
				en,
				Base,
				"pt-BR",
				el,
			);
			mainGroup = 21F3964528C89387005B08CD;
			productRefGroup = 21F3965028C89387005B08CD /* Products */;
			projectDirPath = "";
			projectRoot = "";
			targets = (
				21F3964E28C89387005B08CD /* Essentail-practice */,
				21F3965628C89387005B08CD /* Essentail-practiceTests */,
				210F2FD828E58CE500F2231F /* Essentail_practiceEndToEndTests */,
				21DF3164294D8E3B009AF601 /* EssentialPracticeCacheIntegrationTests */,
				21F6FBC52975327300EF9698 /* EssentialPracticeiOS */,
				21F6FBCC2975327300EF9698 /* EssentialPracticeiOSTests */,
			);
		};
/* End PBXProject section */

/* Begin PBXResourcesBuildPhase section */
		210F2FD728E58CE500F2231F /* Resources */ = {
			isa = PBXResourcesBuildPhase;
			buildActionMask = 2147483647;
			files = (
			);
			runOnlyForDeploymentPostprocessing = 0;
		};
		21DF3163294D8E3B009AF601 /* Resources */ = {
			isa = PBXResourcesBuildPhase;
			buildActionMask = 2147483647;
			files = (
			);
			runOnlyForDeploymentPostprocessing = 0;
		};
		21F3964D28C89387005B08CD /* Resources */ = {
			isa = PBXResourcesBuildPhase;
			buildActionMask = 2147483647;
			files = (
				2110D62129ED404800C8C625 /* Feed.strings in Resources */,
			);
			runOnlyForDeploymentPostprocessing = 0;
		};
		21F3965528C89387005B08CD /* Resources */ = {
			isa = PBXResourcesBuildPhase;
			buildActionMask = 2147483647;
			files = (
			);
			runOnlyForDeploymentPostprocessing = 0;
		};
		21F6FBC42975327300EF9698 /* Resources */ = {
			isa = PBXResourcesBuildPhase;
			buildActionMask = 2147483647;
			files = (
				2165A44C29C196A6009EB77C /* Feed.storyboard in Resources */,
				2165A44E29C196F9009EB77C /* Feed.xcassets in Resources */,
			);
			runOnlyForDeploymentPostprocessing = 0;
		};
		21F6FBCB2975327300EF9698 /* Resources */ = {
			isa = PBXResourcesBuildPhase;
			buildActionMask = 2147483647;
			files = (
			);
			runOnlyForDeploymentPostprocessing = 0;
		};
/* End PBXResourcesBuildPhase section */

/* Begin PBXSourcesBuildPhase section */
		210F2FD528E58CE500F2231F /* Sources */ = {
			isa = PBXSourcesBuildPhase;
			buildActionMask = 2147483647;
			files = (
				210F2FDC28E58CE500F2231F /* Essentail_practiceEndToEndTests.swift in Sources */,
				210F2FE328E5D2E200F2231F /* XCTestCase+MemoryLeakTracking.swift in Sources */,
			);
			runOnlyForDeploymentPostprocessing = 0;
		};
		21DF3161294D8E3B009AF601 /* Sources */ = {
			isa = PBXSourcesBuildPhase;
			buildActionMask = 2147483647;
			files = (
				21DF3171294D9452009AF601 /* SharedTestHelpers.swift in Sources */,
				21DF3168294D8E3B009AF601 /* EssentialPracticeCacheIntegrationTests.swift in Sources */,
				21DF3170294D9364009AF601 /* FeedCacheTestHelpers.swift in Sources */,
				21DF316F294D90A2009AF601 /* XCTestCase+MemoryLeakTracking.swift in Sources */,
			);
			runOnlyForDeploymentPostprocessing = 0;
		};
		21F3964B28C89387005B08CD /* Sources */ = {
			isa = PBXSourcesBuildPhase;
			buildActionMask = 2147483647;
			files = (
				21DF315C2940803C009AF601 /* CoreDataHelpers.swift in Sources */,
				2110D62529ED40DA00C8C625 /* FeedLoadingViewModelData.swift in Sources */,
				2110D63029EE82A900C8C625 /* FeedImageViewModelData.swift in Sources */,
				210F2FCC28DC31F200F2231F /* FeedItemsMapper.swift in Sources */,
				21F3966B28D30725005B08CD /* FeedLoader.swift in Sources */,
				21DF30512908E025009AF601 /* RemoteFeedItem.swift in Sources */,
				2110D62029ED3DD600C8C625 /* FeedPresenter.swift in Sources */,
				2110D62C29EE6A3200C8C625 /* FeedImagePresenter.swift in Sources */,
				2110D62729ED40FD00C8C625 /* FeedErrorViewModelData.swift in Sources */,
				21DF311329272854009AF601 /* FeedCachePolicy.swift in Sources */,
				21F3966E28D45454005B08CD /* RemoteFeedLoader.swift in Sources */,
				21DF314C293F3087009AF601 /* FeedStore.xcdatamodeld in Sources */,
				2110D63129F22D6100C8C625 /* FeedImageDataLoader.swift in Sources */,
				21DF30532908E06E009AF601 /* LocalFeedImage.swift in Sources */,
				21FDF58429FA2B18003EFCFB /* CoreDataFeedStore+FeedStore.swift in Sources */,
				21DF304F29068961009AF601 /* FeedStore.swift in Sources */,
				21DF304D29068932009AF601 /* LocalFeedLoader.swift in Sources */,
				2110D63F29F799A700C8C625 /* FeedImageDataStore.swift in Sources */,
				2110D63829F6C46200C8C625 /* HTTPURLResponse+StatusCode.swift in Sources */,
				2110D64A29F7CA6900C8C625 /* CoreDataFeedStore+FeedImageDataLoader.swift in Sources */,
				21DF311729308D2E009AF601 /* CodableFeedStore.swift in Sources */,
				210F2FCA28DC31AD00F2231F /* HTTPClient.swift in Sources */,
				21F3966928D306CA005B08CD /* FeedImage.swift in Sources */,
				2110D62329ED40B700C8C625 /* FeedViewModelData.swift in Sources */,
				210F2FD428E5703800F2231F /* URLSessionHTTPClient.swift in Sources */,
				2110D63529F66DF000C8C625 /* RemoteFeedImageDataLoader.swift in Sources */,
				2110D64129F799DA00C8C625 /* LocalFeedImageDataLoader.swift in Sources */,
				21DF315E2940808D009AF601 /* ManagedCache.swift in Sources */,
				21DF3149293F2E5F009AF601 /* CoreDataFeedStore.swift in Sources */,
				21DF3160294080A9009AF601 /* ManagedFeedImage.swift in Sources */,
			);
			runOnlyForDeploymentPostprocessing = 0;
		};
		21F3965328C89387005B08CD /* Sources */ = {
			isa = PBXSourcesBuildPhase;
			buildActionMask = 2147483647;
			files = (
				21DF3115292CAA18009AF601 /* CodableFeedStoreTests.swift in Sources */,
				2110D63B29F6C57100C8C625 /* URLProtocolStub.swift in Sources */,
				21DF310E2924CACC009AF601 /* FeedCacheTestHelpers.swift in Sources */,
				2110D62A29EE699D00C8C625 /* FeedLocalizationTests.swift in Sources */,
				21F3965D28C89387005B08CD /* LoadFeedFromRemoteUseCases.swift in Sources */,
				2110D63329F22E1B00C8C625 /* LoadFeedImageDataFromRemoteUseCaseTests.swift in Sources */,
				210F2FCF28E1517F00F2231F /* URLSessionHTTPClientTests.swift in Sources */,
				21DF311F293C5FEA009AF601 /* XCTestCase+FailableInsertFeedStoreSpecs.swift in Sources */,
				2110D64529F7B6CA00C8C625 /* CacheFeedImageDataUseCaseTests.swift in Sources */,
				2110D62E29EE6A4E00C8C625 /* FeedImagePresenterTest.swift in Sources */,
				21DF3057290926FA009AF601 /* FeedStoreSpy.swift in Sources */,
				2110D63D29F772D900C8C625 /* LoadFeedImageDataFromCacheUseCaseTests.swift in Sources */,
				210F2FEA28FFA60C00F2231F /* CacheFeedUseCaseTest.swift in Sources */,
				21DF31102924CB0B009AF601 /* SharedTestHelpers.swift in Sources */,
				210F2FD228E2DD6900F2231F /* XCTestCase+MemoryLeakTracking.swift in Sources */,
				21DF3121293C60C9009AF601 /* XCTestCase+FailableDeleteFeedStoreSpecs.swift in Sources */,
				2110D64329F7B64700C8C625 /* FeedImageDataStoreSpy.swift in Sources */,
				2110D64729F7C43200C8C625 /* CoreDataFeedImageDataStoreTests.swift in Sources */,
				21DF311D2939F518009AF601 /* XCTestCase+FailableRetrieveFeedStoreSpecs.swift in Sources */,
				21DF305529092628009AF601 /* LoadFeedFromCacheUseCaseTest.swift in Sources */,
				2110D61629ED2C2E00C8C625 /* FeedPresenterTest.swift in Sources */,
				21DF31192939D3D9009AF601 /* FeedStoreSpecs.swift in Sources */,
				21DF310C2923818F009AF601 /* ValidateCacheUseCaseTests.swift in Sources */,
				21DF3147293F2D56009AF601 /* CoreDataFeedStoreTests.swift in Sources */,
				21DF311B2939D47C009AF601 /* XCTestCase+FeedStoreSpecs.swift in Sources */,
			);
			runOnlyForDeploymentPostprocessing = 0;
		};
		21F6FBC22975327300EF9698 /* Sources */ = {
			isa = PBXSourcesBuildPhase;
			buildActionMask = 2147483647;
			files = (
				21786DDF29E3EE2F002E9CF1 /* MainQueueDispatchDecorator.swift in Sources */,
				2165A45229C40999009EB77C /* UIImageView+animation.swift in Sources */,
				21786DE729E3EF57002E9CF1 /* FeedViewAdapter.swift in Sources */,
				21786DE329E3EEF5002E9CF1 /* FeedImageDataLoaderPresentationAdapter.swift in Sources */,
				2110D61329E9952C00C8C625 /* UIRefreshControl+Helpers.swift in Sources */,
				2165A45029C4078E009EB77C /* UITableView+dequeueing.swift in Sources */,
				217CF6252977BC8400A4AF79 /* UIView+Shimmering.swift in Sources */,
				21F6FBE429758EDB00EF9698 /* FeedViewController.swift in Sources */,
				217CF6232976995A00A4AF79 /* FeedImageCell.swift in Sources */,
				217047B7299D175B00CDD636 /* FeedImageViewModel.swift in Sources */,
				217CF6482990EA0500A4AF79 /* FeedImageCellController.swift in Sources */,
				21786DE529E3EF29002E9CF1 /* FeedLoaderPresentationAdapter.swift in Sources */,
				217047B5299D118000CDD636 /* FeedViewModel.swift in Sources */,
				21786DE129E3EE83002E9CF1 /* WeakRefVirtualProxy.swift in Sources */,
				217CF64B2990ED1700A4AF79 /* FeedUIComposer.swift in Sources */,
				2110D61029E948FA00C8C625 /* ErrorView.swift in Sources */,
			);
			runOnlyForDeploymentPostprocessing = 0;
		};
		21F6FBC92975327300EF9698 /* Sources */ = {
			isa = PBXSourcesBuildPhase;
			buildActionMask = 2147483647;
			files = (
				21F6FBD32975327300EF9698 /* FeedUIIntegrationTests.swift in Sources */,
				217CF6302990CD2300A4AF79 /* UIButton+TestHelpers.swift in Sources */,
				217CF62D2990CCD800A4AF79 /* UIRefreshControl+TestHelpers.swift in Sources */,
				21D0A98829E1446400EA20C1 /* UIControl+TestHelpers.swift in Sources */,
				217CF63C2990DBE000A4AF79 /* FeedUIIntegrationTests+Assertions.swift in Sources */,
				21F6FBE2297539A600EF9698 /* XCTestCase+MemoryLeakTracking.swift in Sources */,
				217CF6352990D9FB00A4AF79 /* FeedViewController+TestHelpers.swift in Sources */,
				217CF6372990DA8700A4AF79 /* FeedImageCell+TestHelpers.swift in Sources */,
				21D0A98629E1420700EA20C1 /* FeedUIIntegrationTests+Localization.swift in Sources */,
				217CF63A2990DB4600A4AF79 /* FeedUIIntegrationTests+LoaderSpy.swift in Sources */,
				217CF62B2990CC7600A4AF79 /* UIImage+TestHelpers.swift in Sources */,
			);
			runOnlyForDeploymentPostprocessing = 0;
		};
/* End PBXSourcesBuildPhase section */

/* Begin PBXTargetDependency section */
		210F2FDF28E58CE500F2231F /* PBXTargetDependency */ = {
			isa = PBXTargetDependency;
			target = 21F3964E28C89387005B08CD /* Essentail-practice */;
			targetProxy = 210F2FDE28E58CE500F2231F /* PBXContainerItemProxy */;
		};
		21DF316B294D8E3B009AF601 /* PBXTargetDependency */ = {
			isa = PBXTargetDependency;
			target = 21F3964E28C89387005B08CD /* Essentail-practice */;
			targetProxy = 21DF316A294D8E3B009AF601 /* PBXContainerItemProxy */;
		};
		21F3965A28C89387005B08CD /* PBXTargetDependency */ = {
			isa = PBXTargetDependency;
			target = 21F3964E28C89387005B08CD /* Essentail-practice */;
			targetProxy = 21F3965928C89387005B08CD /* PBXContainerItemProxy */;
		};
		21F6FBD02975327300EF9698 /* PBXTargetDependency */ = {
			isa = PBXTargetDependency;
			target = 21F6FBC52975327300EF9698 /* EssentialPracticeiOS */;
			targetProxy = 21F6FBCF2975327300EF9698 /* PBXContainerItemProxy */;
		};
		21F6FBDF2975386D00EF9698 /* PBXTargetDependency */ = {
			isa = PBXTargetDependency;
			platformFilter = ios;
			target = 21F3964E28C89387005B08CD /* Essentail-practice */;
			targetProxy = 21F6FBDE2975386D00EF9698 /* PBXContainerItemProxy */;
		};
/* End PBXTargetDependency section */

/* Begin PBXVariantGroup section */
		2110D61B29ED3CD900C8C625 /* Feed.strings */ = {
			isa = PBXVariantGroup;
			children = (
				2110D61A29ED3CD900C8C625 /* en */,
				2110D61C29ED3CDE00C8C625 /* el */,
				2110D61D29ED3CDF00C8C625 /* pt-BR */,
			);
			name = Feed.strings;
			sourceTree = "<group>";
		};
/* End PBXVariantGroup section */

/* Begin XCBuildConfiguration section */
		210F2FE128E58CE500F2231F /* Debug */ = {
			isa = XCBuildConfiguration;
			buildSettings = {
				CODE_SIGN_STYLE = Automatic;
				CURRENT_PROJECT_VERSION = 1;
				DEAD_CODE_STRIPPING = YES;
				DEVELOPMENT_TEAM = H7GN9P68XR;
				GENERATE_INFOPLIST_FILE = YES;
				MARKETING_VERSION = 1.0;
				PRODUCT_BUNDLE_IDENTIFIER = "com.monglinyang.Essentail-practiceEndToEndTests";
				PRODUCT_NAME = "$(TARGET_NAME)";
				SUPPORTED_PLATFORMS = "iphoneos iphonesimulator macosx";
				SUPPORTS_MACCATALYST = NO;
				SUPPORTS_MAC_DESIGNED_FOR_IPHONE_IPAD = NO;
				SWIFT_EMIT_LOC_STRINGS = NO;
				SWIFT_VERSION = 5.0;
				TARGETED_DEVICE_FAMILY = 1;
			};
			name = Debug;
		};
		210F2FE228E58CE500F2231F /* Release */ = {
			isa = XCBuildConfiguration;
			buildSettings = {
				CODE_SIGN_STYLE = Automatic;
				CURRENT_PROJECT_VERSION = 1;
				DEAD_CODE_STRIPPING = YES;
				DEVELOPMENT_TEAM = H7GN9P68XR;
				GENERATE_INFOPLIST_FILE = YES;
				MARKETING_VERSION = 1.0;
				PRODUCT_BUNDLE_IDENTIFIER = "com.monglinyang.Essentail-practiceEndToEndTests";
				PRODUCT_NAME = "$(TARGET_NAME)";
				SUPPORTED_PLATFORMS = "iphoneos iphonesimulator macosx";
				SUPPORTS_MACCATALYST = NO;
				SUPPORTS_MAC_DESIGNED_FOR_IPHONE_IPAD = NO;
				SWIFT_EMIT_LOC_STRINGS = NO;
				SWIFT_VERSION = 5.0;
				TARGETED_DEVICE_FAMILY = 1;
			};
			name = Release;
		};
		21DF316D294D8E3B009AF601 /* Debug */ = {
			isa = XCBuildConfiguration;
			buildSettings = {
				CLANG_CXX_LANGUAGE_STANDARD = "gnu++20";
				CODE_SIGN_STYLE = Automatic;
				CURRENT_PROJECT_VERSION = 1;
				DEVELOPMENT_TEAM = H7GN9P68XR;
				GENERATE_INFOPLIST_FILE = YES;
				MARKETING_VERSION = 1.0;
				PRODUCT_BUNDLE_IDENTIFIER = com.monglinyang.EssentialPracticeCacheIntegrationTests;
				PRODUCT_NAME = "$(TARGET_NAME)";
				SUPPORTED_PLATFORMS = "iphoneos iphonesimulator macosx";
				SUPPORTS_MACCATALYST = NO;
				SUPPORTS_MAC_DESIGNED_FOR_IPHONE_IPAD = NO;
				SWIFT_EMIT_LOC_STRINGS = NO;
				SWIFT_VERSION = 5.0;
				TARGETED_DEVICE_FAMILY = 1;
			};
			name = Debug;
		};
		21DF316E294D8E3B009AF601 /* Release */ = {
			isa = XCBuildConfiguration;
			buildSettings = {
				CLANG_CXX_LANGUAGE_STANDARD = "gnu++20";
				CODE_SIGN_STYLE = Automatic;
				CURRENT_PROJECT_VERSION = 1;
				DEVELOPMENT_TEAM = H7GN9P68XR;
				GENERATE_INFOPLIST_FILE = YES;
				MARKETING_VERSION = 1.0;
				PRODUCT_BUNDLE_IDENTIFIER = com.monglinyang.EssentialPracticeCacheIntegrationTests;
				PRODUCT_NAME = "$(TARGET_NAME)";
				SUPPORTED_PLATFORMS = "iphoneos iphonesimulator macosx";
				SUPPORTS_MACCATALYST = NO;
				SUPPORTS_MAC_DESIGNED_FOR_IPHONE_IPAD = NO;
				SWIFT_EMIT_LOC_STRINGS = NO;
				SWIFT_VERSION = 5.0;
				TARGETED_DEVICE_FAMILY = 1;
			};
			name = Release;
		};
		21F3965F28C89387005B08CD /* Debug */ = {
			isa = XCBuildConfiguration;
			buildSettings = {
				ALWAYS_SEARCH_USER_PATHS = NO;
				CLANG_ANALYZER_LOCALIZABILITY_NONLOCALIZED = YES;
				CLANG_ANALYZER_NONNULL = YES;
				CLANG_ANALYZER_NUMBER_OBJECT_CONVERSION = YES_AGGRESSIVE;
				CLANG_CXX_LANGUAGE_STANDARD = "gnu++17";
				CLANG_ENABLE_MODULES = YES;
				CLANG_ENABLE_OBJC_ARC = YES;
				CLANG_ENABLE_OBJC_WEAK = YES;
				CLANG_WARN_BLOCK_CAPTURE_AUTORELEASING = YES;
				CLANG_WARN_BOOL_CONVERSION = YES;
				CLANG_WARN_COMMA = YES;
				CLANG_WARN_CONSTANT_CONVERSION = YES;
				CLANG_WARN_DEPRECATED_OBJC_IMPLEMENTATIONS = YES;
				CLANG_WARN_DIRECT_OBJC_ISA_USAGE = YES_ERROR;
				CLANG_WARN_DOCUMENTATION_COMMENTS = YES;
				CLANG_WARN_EMPTY_BODY = YES;
				CLANG_WARN_ENUM_CONVERSION = YES;
				CLANG_WARN_INFINITE_RECURSION = YES;
				CLANG_WARN_INT_CONVERSION = YES;
				CLANG_WARN_NON_LITERAL_NULL_CONVERSION = YES;
				CLANG_WARN_OBJC_IMPLICIT_RETAIN_SELF = YES;
				CLANG_WARN_OBJC_LITERAL_CONVERSION = YES;
				CLANG_WARN_OBJC_ROOT_CLASS = YES_ERROR;
				CLANG_WARN_QUOTED_INCLUDE_IN_FRAMEWORK_HEADER = YES;
				CLANG_WARN_RANGE_LOOP_ANALYSIS = YES;
				CLANG_WARN_STRICT_PROTOTYPES = YES;
				CLANG_WARN_SUSPICIOUS_MOVE = YES;
				CLANG_WARN_UNGUARDED_AVAILABILITY = YES_AGGRESSIVE;
				CLANG_WARN_UNREACHABLE_CODE = YES;
				CLANG_WARN__DUPLICATE_METHOD_MATCH = YES;
				COPY_PHASE_STRIP = NO;
				CURRENT_PROJECT_VERSION = 1;
				DEAD_CODE_STRIPPING = YES;
				DEBUG_INFORMATION_FORMAT = dwarf;
				ENABLE_STRICT_OBJC_MSGSEND = YES;
				ENABLE_TESTABILITY = YES;
				GCC_C_LANGUAGE_STANDARD = gnu11;
				GCC_DYNAMIC_NO_PIC = NO;
				GCC_NO_COMMON_BLOCKS = YES;
				GCC_OPTIMIZATION_LEVEL = 0;
				GCC_PREPROCESSOR_DEFINITIONS = (
					"DEBUG=1",
					"$(inherited)",
				);
				GCC_WARN_64_TO_32_BIT_CONVERSION = YES;
				GCC_WARN_ABOUT_RETURN_TYPE = YES_ERROR;
				GCC_WARN_UNDECLARED_SELECTOR = YES;
				GCC_WARN_UNINITIALIZED_AUTOS = YES_AGGRESSIVE;
				GCC_WARN_UNUSED_FUNCTION = YES;
				GCC_WARN_UNUSED_VARIABLE = YES;
				MACOSX_DEPLOYMENT_TARGET = 12.3;
				MTL_ENABLE_DEBUG_INFO = INCLUDE_SOURCE;
				MTL_FAST_MATH = YES;
				ONLY_ACTIVE_ARCH = YES;
				SDKROOT = macosx;
				SWIFT_ACTIVE_COMPILATION_CONDITIONS = DEBUG;
				SWIFT_OPTIMIZATION_LEVEL = "-Onone";
				VERSIONING_SYSTEM = "apple-generic";
				VERSION_INFO_PREFIX = "";
			};
			name = Debug;
		};
		21F3966028C89387005B08CD /* Release */ = {
			isa = XCBuildConfiguration;
			buildSettings = {
				ALWAYS_SEARCH_USER_PATHS = NO;
				CLANG_ANALYZER_LOCALIZABILITY_NONLOCALIZED = YES;
				CLANG_ANALYZER_NONNULL = YES;
				CLANG_ANALYZER_NUMBER_OBJECT_CONVERSION = YES_AGGRESSIVE;
				CLANG_CXX_LANGUAGE_STANDARD = "gnu++17";
				CLANG_ENABLE_MODULES = YES;
				CLANG_ENABLE_OBJC_ARC = YES;
				CLANG_ENABLE_OBJC_WEAK = YES;
				CLANG_WARN_BLOCK_CAPTURE_AUTORELEASING = YES;
				CLANG_WARN_BOOL_CONVERSION = YES;
				CLANG_WARN_COMMA = YES;
				CLANG_WARN_CONSTANT_CONVERSION = YES;
				CLANG_WARN_DEPRECATED_OBJC_IMPLEMENTATIONS = YES;
				CLANG_WARN_DIRECT_OBJC_ISA_USAGE = YES_ERROR;
				CLANG_WARN_DOCUMENTATION_COMMENTS = YES;
				CLANG_WARN_EMPTY_BODY = YES;
				CLANG_WARN_ENUM_CONVERSION = YES;
				CLANG_WARN_INFINITE_RECURSION = YES;
				CLANG_WARN_INT_CONVERSION = YES;
				CLANG_WARN_NON_LITERAL_NULL_CONVERSION = YES;
				CLANG_WARN_OBJC_IMPLICIT_RETAIN_SELF = YES;
				CLANG_WARN_OBJC_LITERAL_CONVERSION = YES;
				CLANG_WARN_OBJC_ROOT_CLASS = YES_ERROR;
				CLANG_WARN_QUOTED_INCLUDE_IN_FRAMEWORK_HEADER = YES;
				CLANG_WARN_RANGE_LOOP_ANALYSIS = YES;
				CLANG_WARN_STRICT_PROTOTYPES = YES;
				CLANG_WARN_SUSPICIOUS_MOVE = YES;
				CLANG_WARN_UNGUARDED_AVAILABILITY = YES_AGGRESSIVE;
				CLANG_WARN_UNREACHABLE_CODE = YES;
				CLANG_WARN__DUPLICATE_METHOD_MATCH = YES;
				COPY_PHASE_STRIP = NO;
				CURRENT_PROJECT_VERSION = 1;
				DEAD_CODE_STRIPPING = YES;
				DEBUG_INFORMATION_FORMAT = "dwarf-with-dsym";
				ENABLE_NS_ASSERTIONS = NO;
				ENABLE_STRICT_OBJC_MSGSEND = YES;
				GCC_C_LANGUAGE_STANDARD = gnu11;
				GCC_NO_COMMON_BLOCKS = YES;
				GCC_WARN_64_TO_32_BIT_CONVERSION = YES;
				GCC_WARN_ABOUT_RETURN_TYPE = YES_ERROR;
				GCC_WARN_UNDECLARED_SELECTOR = YES;
				GCC_WARN_UNINITIALIZED_AUTOS = YES_AGGRESSIVE;
				GCC_WARN_UNUSED_FUNCTION = YES;
				GCC_WARN_UNUSED_VARIABLE = YES;
				MACOSX_DEPLOYMENT_TARGET = 12.3;
				MTL_ENABLE_DEBUG_INFO = NO;
				MTL_FAST_MATH = YES;
				SDKROOT = macosx;
				SWIFT_COMPILATION_MODE = wholemodule;
				SWIFT_OPTIMIZATION_LEVEL = "-O";
				VERSIONING_SYSTEM = "apple-generic";
				VERSION_INFO_PREFIX = "";
			};
			name = Release;
		};
		21F3966228C89387005B08CD /* Debug */ = {
			isa = XCBuildConfiguration;
			buildSettings = {
				CLANG_ENABLE_MODULES = YES;
				CODE_SIGN_STYLE = Automatic;
				COMBINE_HIDPI_IMAGES = YES;
				CURRENT_PROJECT_VERSION = 1;
				DEAD_CODE_STRIPPING = YES;
				DEFINES_MODULE = YES;
				DEVELOPMENT_TEAM = H7GN9P68XR;
				DYLIB_COMPATIBILITY_VERSION = 1;
				DYLIB_CURRENT_VERSION = 1;
				DYLIB_INSTALL_NAME_BASE = "@rpath";
				GENERATE_INFOPLIST_FILE = YES;
				INFOPLIST_KEY_NSHumanReadableCopyright = "";
				INSTALL_PATH = "$(LOCAL_LIBRARY_DIR)/Frameworks";
				IPHONEOS_DEPLOYMENT_TARGET = 12.0;
				LD_RUNPATH_SEARCH_PATHS = (
					"$(inherited)",
					"@executable_path/../Frameworks",
					"@loader_path/Frameworks",
				);
				MACOSX_DEPLOYMENT_TARGET = 12.0;
				MARKETING_VERSION = 1.0;
				PRODUCT_BUNDLE_IDENTIFIER = "com.monglinyang.Essentail-practice";
				PRODUCT_NAME = "$(TARGET_NAME:c99extidentifier)";
				SKIP_INSTALL = YES;
				SUPPORTED_PLATFORMS = "iphoneos iphonesimulator macosx";
				SUPPORTS_MACCATALYST = NO;
				SUPPORTS_MAC_DESIGNED_FOR_IPHONE_IPAD = NO;
				SWIFT_EMIT_LOC_STRINGS = YES;
				SWIFT_OPTIMIZATION_LEVEL = "-Onone";
				SWIFT_VERSION = 5.0;
				TARGETED_DEVICE_FAMILY = 1;
			};
			name = Debug;
		};
		21F3966328C89387005B08CD /* Release */ = {
			isa = XCBuildConfiguration;
			buildSettings = {
				CLANG_ENABLE_MODULES = YES;
				CODE_SIGN_STYLE = Automatic;
				COMBINE_HIDPI_IMAGES = YES;
				CURRENT_PROJECT_VERSION = 1;
				DEAD_CODE_STRIPPING = YES;
				DEFINES_MODULE = YES;
				DEVELOPMENT_TEAM = H7GN9P68XR;
				DYLIB_COMPATIBILITY_VERSION = 1;
				DYLIB_CURRENT_VERSION = 1;
				DYLIB_INSTALL_NAME_BASE = "@rpath";
				GENERATE_INFOPLIST_FILE = YES;
				INFOPLIST_KEY_NSHumanReadableCopyright = "";
				INSTALL_PATH = "$(LOCAL_LIBRARY_DIR)/Frameworks";
				IPHONEOS_DEPLOYMENT_TARGET = 12.0;
				LD_RUNPATH_SEARCH_PATHS = (
					"$(inherited)",
					"@executable_path/../Frameworks",
					"@loader_path/Frameworks",
				);
				MACOSX_DEPLOYMENT_TARGET = 12.0;
				MARKETING_VERSION = 1.0;
				PRODUCT_BUNDLE_IDENTIFIER = "com.monglinyang.Essentail-practice";
				PRODUCT_NAME = "$(TARGET_NAME:c99extidentifier)";
				SKIP_INSTALL = YES;
				SUPPORTED_PLATFORMS = "iphoneos iphonesimulator macosx";
				SUPPORTS_MACCATALYST = NO;
				SUPPORTS_MAC_DESIGNED_FOR_IPHONE_IPAD = NO;
				SWIFT_EMIT_LOC_STRINGS = YES;
				SWIFT_VERSION = 5.0;
				TARGETED_DEVICE_FAMILY = 1;
			};
			name = Release;
		};
		21F3966528C89387005B08CD /* Debug */ = {
			isa = XCBuildConfiguration;
			buildSettings = {
				ALWAYS_EMBED_SWIFT_STANDARD_LIBRARIES = YES;
				CODE_SIGN_STYLE = Automatic;
				CURRENT_PROJECT_VERSION = 1;
				DEAD_CODE_STRIPPING = YES;
				DEVELOPMENT_TEAM = H7GN9P68XR;
				GENERATE_INFOPLIST_FILE = YES;
				MARKETING_VERSION = 1.0;
				PRODUCT_BUNDLE_IDENTIFIER = "com.monglinyang.Essentail-practiceTests";
				PRODUCT_NAME = "$(TARGET_NAME)";
				SUPPORTED_PLATFORMS = "iphoneos iphonesimulator macosx";
				SUPPORTS_MACCATALYST = NO;
				SUPPORTS_MAC_DESIGNED_FOR_IPHONE_IPAD = NO;
				SWIFT_EMIT_LOC_STRINGS = NO;
				SWIFT_VERSION = 5.0;
				TARGETED_DEVICE_FAMILY = 1;
			};
			name = Debug;
		};
		21F3966628C89387005B08CD /* Release */ = {
			isa = XCBuildConfiguration;
			buildSettings = {
				ALWAYS_EMBED_SWIFT_STANDARD_LIBRARIES = YES;
				CODE_SIGN_STYLE = Automatic;
				CURRENT_PROJECT_VERSION = 1;
				DEAD_CODE_STRIPPING = YES;
				DEVELOPMENT_TEAM = H7GN9P68XR;
				GENERATE_INFOPLIST_FILE = YES;
				MARKETING_VERSION = 1.0;
				PRODUCT_BUNDLE_IDENTIFIER = "com.monglinyang.Essentail-practiceTests";
				PRODUCT_NAME = "$(TARGET_NAME)";
				SUPPORTED_PLATFORMS = "iphoneos iphonesimulator macosx";
				SUPPORTS_MACCATALYST = NO;
				SUPPORTS_MAC_DESIGNED_FOR_IPHONE_IPAD = NO;
				SWIFT_EMIT_LOC_STRINGS = NO;
				SWIFT_VERSION = 5.0;
				TARGETED_DEVICE_FAMILY = 1;
			};
			name = Release;
		};
		21F6FBD62975327300EF9698 /* Debug */ = {
			isa = XCBuildConfiguration;
			buildSettings = {
				CLANG_CXX_LANGUAGE_STANDARD = "gnu++20";
				CLANG_ENABLE_MODULES = YES;
				CODE_SIGN_STYLE = Automatic;
				CURRENT_PROJECT_VERSION = 1;
				DEFINES_MODULE = YES;
				DEVELOPMENT_TEAM = H7GN9P68XR;
				DYLIB_COMPATIBILITY_VERSION = 1;
				DYLIB_CURRENT_VERSION = 1;
				DYLIB_INSTALL_NAME_BASE = "@rpath";
				GENERATE_INFOPLIST_FILE = YES;
				INFOPLIST_KEY_NSHumanReadableCopyright = "";
				INSTALL_PATH = "$(LOCAL_LIBRARY_DIR)/Frameworks";
				IPHONEOS_DEPLOYMENT_TARGET = 12.0;
				LD_RUNPATH_SEARCH_PATHS = (
					"$(inherited)",
					"@executable_path/Frameworks",
					"@loader_path/Frameworks",
				);
				MARKETING_VERSION = 1.0;
				PRODUCT_BUNDLE_IDENTIFIER = com.monglinyang.EssentialPracticeiOS;
				PRODUCT_NAME = "$(TARGET_NAME:c99extidentifier)";
				SDKROOT = iphoneos;
				SKIP_INSTALL = YES;
				SWIFT_EMIT_LOC_STRINGS = YES;
				SWIFT_OPTIMIZATION_LEVEL = "-Onone";
				SWIFT_VERSION = 5.0;
				TARGETED_DEVICE_FAMILY = "1,2";
			};
			name = Debug;
		};
		21F6FBD72975327300EF9698 /* Release */ = {
			isa = XCBuildConfiguration;
			buildSettings = {
				CLANG_CXX_LANGUAGE_STANDARD = "gnu++20";
				CLANG_ENABLE_MODULES = YES;
				CODE_SIGN_STYLE = Automatic;
				CURRENT_PROJECT_VERSION = 1;
				DEFINES_MODULE = YES;
				DEVELOPMENT_TEAM = H7GN9P68XR;
				DYLIB_COMPATIBILITY_VERSION = 1;
				DYLIB_CURRENT_VERSION = 1;
				DYLIB_INSTALL_NAME_BASE = "@rpath";
				GENERATE_INFOPLIST_FILE = YES;
				INFOPLIST_KEY_NSHumanReadableCopyright = "";
				INSTALL_PATH = "$(LOCAL_LIBRARY_DIR)/Frameworks";
				IPHONEOS_DEPLOYMENT_TARGET = 12.0;
				LD_RUNPATH_SEARCH_PATHS = (
					"$(inherited)",
					"@executable_path/Frameworks",
					"@loader_path/Frameworks",
				);
				MARKETING_VERSION = 1.0;
				PRODUCT_BUNDLE_IDENTIFIER = com.monglinyang.EssentialPracticeiOS;
				PRODUCT_NAME = "$(TARGET_NAME:c99extidentifier)";
				SDKROOT = iphoneos;
				SKIP_INSTALL = YES;
				SWIFT_EMIT_LOC_STRINGS = YES;
				SWIFT_VERSION = 5.0;
				TARGETED_DEVICE_FAMILY = "1,2";
				VALIDATE_PRODUCT = YES;
			};
			name = Release;
		};
		21F6FBD92975327300EF9698 /* Debug */ = {
			isa = XCBuildConfiguration;
			buildSettings = {
				ALWAYS_EMBED_SWIFT_STANDARD_LIBRARIES = YES;
				CLANG_CXX_LANGUAGE_STANDARD = "gnu++20";
				CODE_SIGN_STYLE = Automatic;
				CURRENT_PROJECT_VERSION = 1;
				DEVELOPMENT_TEAM = H7GN9P68XR;
				GENERATE_INFOPLIST_FILE = YES;
				IPHONEOS_DEPLOYMENT_TARGET = 16.2;
				MARKETING_VERSION = 1.0;
				PRODUCT_BUNDLE_IDENTIFIER = com.monglinyang.EssentialPracticeiOSTests;
				PRODUCT_NAME = "$(TARGET_NAME)";
				SDKROOT = iphoneos;
				SWIFT_EMIT_LOC_STRINGS = NO;
				SWIFT_VERSION = 5.0;
				TARGETED_DEVICE_FAMILY = "1,2";
			};
			name = Debug;
		};
		21F6FBDA2975327300EF9698 /* Release */ = {
			isa = XCBuildConfiguration;
			buildSettings = {
				ALWAYS_EMBED_SWIFT_STANDARD_LIBRARIES = YES;
				CLANG_CXX_LANGUAGE_STANDARD = "gnu++20";
				CODE_SIGN_STYLE = Automatic;
				CURRENT_PROJECT_VERSION = 1;
				DEVELOPMENT_TEAM = H7GN9P68XR;
				GENERATE_INFOPLIST_FILE = YES;
				IPHONEOS_DEPLOYMENT_TARGET = 16.2;
				MARKETING_VERSION = 1.0;
				PRODUCT_BUNDLE_IDENTIFIER = com.monglinyang.EssentialPracticeiOSTests;
				PRODUCT_NAME = "$(TARGET_NAME)";
				SDKROOT = iphoneos;
				SWIFT_EMIT_LOC_STRINGS = NO;
				SWIFT_VERSION = 5.0;
				TARGETED_DEVICE_FAMILY = "1,2";
				VALIDATE_PRODUCT = YES;
			};
			name = Release;
		};
/* End XCBuildConfiguration section */

/* Begin XCConfigurationList section */
		210F2FE028E58CE500F2231F /* Build configuration list for PBXNativeTarget "Essentail_practiceEndToEndTests" */ = {
			isa = XCConfigurationList;
			buildConfigurations = (
				210F2FE128E58CE500F2231F /* Debug */,
				210F2FE228E58CE500F2231F /* Release */,
			);
			defaultConfigurationIsVisible = 0;
			defaultConfigurationName = Release;
		};
		21DF316C294D8E3B009AF601 /* Build configuration list for PBXNativeTarget "EssentialPracticeCacheIntegrationTests" */ = {
			isa = XCConfigurationList;
			buildConfigurations = (
				21DF316D294D8E3B009AF601 /* Debug */,
				21DF316E294D8E3B009AF601 /* Release */,
			);
			defaultConfigurationIsVisible = 0;
			defaultConfigurationName = Release;
		};
		21F3964928C89387005B08CD /* Build configuration list for PBXProject "Essentail-practice" */ = {
			isa = XCConfigurationList;
			buildConfigurations = (
				21F3965F28C89387005B08CD /* Debug */,
				21F3966028C89387005B08CD /* Release */,
			);
			defaultConfigurationIsVisible = 0;
			defaultConfigurationName = Release;
		};
		21F3966128C89387005B08CD /* Build configuration list for PBXNativeTarget "Essentail-practice" */ = {
			isa = XCConfigurationList;
			buildConfigurations = (
				21F3966228C89387005B08CD /* Debug */,
				21F3966328C89387005B08CD /* Release */,
			);
			defaultConfigurationIsVisible = 0;
			defaultConfigurationName = Release;
		};
		21F3966428C89387005B08CD /* Build configuration list for PBXNativeTarget "Essentail-practiceTests" */ = {
			isa = XCConfigurationList;
			buildConfigurations = (
				21F3966528C89387005B08CD /* Debug */,
				21F3966628C89387005B08CD /* Release */,
			);
			defaultConfigurationIsVisible = 0;
			defaultConfigurationName = Release;
		};
		21F6FBD52975327300EF9698 /* Build configuration list for PBXNativeTarget "EssentialPracticeiOS" */ = {
			isa = XCConfigurationList;
			buildConfigurations = (
				21F6FBD62975327300EF9698 /* Debug */,
				21F6FBD72975327300EF9698 /* Release */,
			);
			defaultConfigurationIsVisible = 0;
			defaultConfigurationName = Release;
		};
		21F6FBD82975327300EF9698 /* Build configuration list for PBXNativeTarget "EssentialPracticeiOSTests" */ = {
			isa = XCConfigurationList;
			buildConfigurations = (
				21F6FBD92975327300EF9698 /* Debug */,
				21F6FBDA2975327300EF9698 /* Release */,
			);
			defaultConfigurationIsVisible = 0;
			defaultConfigurationName = Release;
		};
/* End XCConfigurationList section */

/* Begin XCVersionGroup section */
		21DF314A293F3087009AF601 /* FeedStore.xcdatamodeld */ = {
			isa = XCVersionGroup;
			children = (
				2110D64829F7C94D00C8C625 /* FeedStore 2.xcdatamodel */,
				21DF314B293F3087009AF601 /* FeedStore.xcdatamodel */,
			);
			currentVersion = 2110D64829F7C94D00C8C625 /* FeedStore 2.xcdatamodel */;
			path = FeedStore.xcdatamodeld;
			sourceTree = "<group>";
			versionGroupType = wrapper.xcdatamodel;
		};
/* End XCVersionGroup section */
	};
	rootObject = 21F3964628C89387005B08CD /* Project object */;
}
